// !$*UTF8*$!
{
	archiveVersion = 1;
	classes = {
	};
	objectVersion = 46;
	objects = {

/* Begin PBXBuildFile section */
		077B5FF91EEDE6870022ABDF /* OBJ_Loader.cpp in Sources */ = {isa = PBXBuildFile; fileRef = 07984A1B1EE9EE41001E2495 /* OBJ_Loader.cpp */; };
		077B5FFA1EEDE6870022ABDF /* poly34.cpp in Sources */ = {isa = PBXBuildFile; fileRef = 07984A1D1EE9EE41001E2495 /* poly34.cpp */; };
		077B5FFB1EEDE6870022ABDF /* ProgressManager.cpp in Sources */ = {isa = PBXBuildFile; fileRef = 07984A1F1EE9EE41001E2495 /* ProgressManager.cpp */; };
		077B5FFC1EEDE6D80022ABDF /* Point3D.cpp in Sources */ = {isa = PBXBuildFile; fileRef = 079849A71EE9EE41001E2495 /* Point3D.cpp */; };
		077B5FFD1EEDE6D80022ABDF /* svdDynamic.cpp in Sources */ = {isa = PBXBuildFile; fileRef = 079849A91EE9EE41001E2495 /* svdDynamic.cpp */; };
		077B5FFE1EEDE6D80022ABDF /* Transform3D.cpp in Sources */ = {isa = PBXBuildFile; fileRef = 079849AB1EE9EE41001E2495 /* Transform3D.cpp */; };
		077B5FFF1EEDE6D80022ABDF /* AreaLightElement.cpp in Sources */ = {isa = PBXBuildFile; fileRef = 079849AE1EE9EE41001E2495 /* AreaLightElement.cpp */; };
		077B60001EEDE6D80022ABDF /* Light.cpp in Sources */ = {isa = PBXBuildFile; fileRef = 079849B01EE9EE41001E2495 /* Light.cpp */; };
		077B60011EEDE6D80022ABDF /* PointLightSource.cpp in Sources */ = {isa = PBXBuildFile; fileRef = 079849B21EE9EE41001E2495 /* PointLightSource.cpp */; };
		077B60021EEDE6D80022ABDF /* mainML.cpp in Sources */ = {isa = PBXBuildFile; fileRef = 079849B61EE9EE41001E2495 /* mainML.cpp */; };
		077B60031EEDE6D80022ABDF /* ColourRGB.cpp in Sources */ = {isa = PBXBuildFile; fileRef = 079849C91EE9EE41001E2495 /* ColourRGB.cpp */; };
		077B60041EEDE6D80022ABDF /* Image.cpp in Sources */ = {isa = PBXBuildFile; fileRef = 079849CB1EE9EE41001E2495 /* Image.cpp */; };
		077B60051EEDE6D80022ABDF /* Intersection.cpp in Sources */ = {isa = PBXBuildFile; fileRef = 079849CD1EE9EE41001E2495 /* Intersection.cpp */; };
		077B60061EEDE6D80022ABDF /* Material.cpp in Sources */ = {isa = PBXBuildFile; fileRef = 079849CF1EE9EE41001E2495 /* Material.cpp */; };
		077B60071EEDE6D80022ABDF /* Object3D.cpp in Sources */ = {isa = PBXBuildFile; fileRef = 079849D11EE9EE41001E2495 /* Object3D.cpp */; };
		077B60081EEDE6D80022ABDF /* BoundingBox.cpp in Sources */ = {isa = PBXBuildFile; fileRef = 079849D41EE9EE41001E2495 /* BoundingBox.cpp */; };
		077B60091EEDE6D80022ABDF /* Cone.cpp in Sources */ = {isa = PBXBuildFile; fileRef = 079849D61EE9EE41001E2495 /* Cone.cpp */; };
		077B600A1EEDE6D80022ABDF /* Cube.cpp in Sources */ = {isa = PBXBuildFile; fileRef = 079849D81EE9EE41001E2495 /* Cube.cpp */; };
		077B600B1EEDE6D80022ABDF /* Cylinder.cpp in Sources */ = {isa = PBXBuildFile; fileRef = 079849DA1EE9EE41001E2495 /* Cylinder.cpp */; };
		077B600C1EEDE6D80022ABDF /* Disk.cpp in Sources */ = {isa = PBXBuildFile; fileRef = 079849DC1EE9EE41001E2495 /* Disk.cpp */; };
		077B600D1EEDE6D80022ABDF /* Paraboloid.cpp in Sources */ = {isa = PBXBuildFile; fileRef = 079849DE1EE9EE41001E2495 /* Paraboloid.cpp */; };
		077B600E1EEDE6D80022ABDF /* Plane.cpp in Sources */ = {isa = PBXBuildFile; fileRef = 079849E01EE9EE41001E2495 /* Plane.cpp */; };
		077B600F1EEDE6D80022ABDF /* Sphere.cpp in Sources */ = {isa = PBXBuildFile; fileRef = 079849E21EE9EE41001E2495 /* Sphere.cpp */; };
		077B60101EEDE6D80022ABDF /* Torus.cpp in Sources */ = {isa = PBXBuildFile; fileRef = 079849E41EE9EE41001E2495 /* Torus.cpp */; };
		077B60111EEDE6D80022ABDF /* TriangleMesh.cpp in Sources */ = {isa = PBXBuildFile; fileRef = 079849E61EE9EE41001E2495 /* TriangleMesh.cpp */; };
		077B60121EEDE6D80022ABDF /* Ray3D.cpp in Sources */ = {isa = PBXBuildFile; fileRef = 079849E81EE9EE41001E2495 /* Ray3D.cpp */; };
		077B60131EEDE6D80022ABDF /* main.cpp in Sources */ = {isa = PBXBuildFile; fileRef = 079849B41EE9EE41001E2495 /* main.cpp */; };
		077B60141EEDE6D80022ABDF /* RayTracer.cpp in Sources */ = {isa = PBXBuildFile; fileRef = 079849EB1EE9EE41001E2495 /* RayTracer.cpp */; };
		077B60151EEDE6D80022ABDF /* Camera.cpp in Sources */ = {isa = PBXBuildFile; fileRef = 079849981EE9EE40001E2495 /* Camera.cpp */; };
		077B60161EEDE6D80022ABDF /* Skybox.cpp in Sources */ = {isa = PBXBuildFile; fileRef = 079849F31EE9EE41001E2495 /* Skybox.cpp */; };
		077B60171EEDE6D80022ABDF /* StereoCamera.cpp in Sources */ = {isa = PBXBuildFile; fileRef = 077B5FF61EEDDFFD0022ABDF /* StereoCamera.cpp */; };
		07EA01D51E760AEB000C4026 /* libstdc++.tbd in Frameworks */ = {isa = PBXBuildFile; fileRef = 07EA01D41E760AEB000C4026 /* libstdc++.tbd */; };
/* End PBXBuildFile section */

/* Begin PBXCopyFilesBuildPhase section */
		07EA014B1E74B282000C4026 /* CopyFiles */ = {
			isa = PBXCopyFilesBuildPhase;
			buildActionMask = 2147483647;
			dstPath = /usr/share/man/man1/;
			dstSubfolderSpec = 0;
			files = (
			);
			runOnlyForDeploymentPostprocessing = 1;
		};
/* End PBXCopyFilesBuildPhase section */

/* Begin PBXFileReference section */
		077B5FF61EEDDFFD0022ABDF /* StereoCamera.cpp */ = {isa = PBXFileReference; fileEncoding = 4; lastKnownFileType = sourcecode.cpp.cpp; path = StereoCamera.cpp; sourceTree = "<group>"; };
		077B5FF71EEDDFFD0022ABDF /* StereoCamera.h */ = {isa = PBXFileReference; fileEncoding = 4; lastKnownFileType = sourcecode.c.h; path = StereoCamera.h; sourceTree = "<group>"; };
		079849981EE9EE40001E2495 /* Camera.cpp */ = {isa = PBXFileReference; lastKnownFileType = sourcecode.cpp.cpp; path = Camera.cpp; sourceTree = "<group>"; };
		079849991EE9EE40001E2495 /* Camera.h */ = {isa = PBXFileReference; lastKnownFileType = sourcecode.c.h; path = Camera.h; sourceTree = "<group>"; };
		0798499A1EE9EE40001E2495 /* compile.sh */ = {isa = PBXFileReference; lastKnownFileType = text.script.sh; path = compile.sh; sourceTree = "<group>"; };
		0798499B1EE9EE40001E2495 /* compileMac.sh */ = {isa = PBXFileReference; lastKnownFileType = text.script.sh; path = compileMac.sh; sourceTree = "<group>"; };
		0798499E1EE9EE40001E2495 /* A3_Glossy_Refraction_Antialiasing.ppm */ = {isa = PBXFileReference; lastKnownFileType = file; path = A3_Glossy_Refraction_Antialiasing.ppm; sourceTree = "<group>"; };
		0798499F1EE9EE40001E2495 /* A3_Glossy_Refraction_AntiAliasing1.ppm */ = {isa = PBXFileReference; lastKnownFileType = text; path = A3_Glossy_Refraction_AntiAliasing1.ppm; sourceTree = "<group>"; };
		079849A01EE9EE40001E2495 /* A3_Render1.ppm */ = {isa = PBXFileReference; lastKnownFileType = file; path = A3_Render1.ppm; sourceTree = "<group>"; };
		079849A11EE9EE40001E2495 /* A3_Render2.ppm */ = {isa = PBXFileReference; lastKnownFileType = file; path = A3_Render2.ppm; sourceTree = "<group>"; };
		079849A21EE9EE40001E2495 /* A3_Render3.ppm */ = {isa = PBXFileReference; lastKnownFileType = file; path = A3_Render3.ppm; sourceTree = "<group>"; };
		079849A31EE9EE40001E2495 /* A3_Textures_Glossy_Refraction_EnvMap_AntiAliasing.ppm */ = {isa = PBXFileReference; lastKnownFileType = text; path = A3_Textures_Glossy_Refraction_EnvMap_AntiAliasing.ppm; sourceTree = "<group>"; };
		079849A41EE9EE41001E2495 /* ChessScene.ppm */ = {isa = PBXFileReference; lastKnownFileType = text; path = ChessScene.ppm; sourceTree = "<group>"; };
		079849A51EE9EE41001E2495 /* RenderedImage (23).ppm */ = {isa = PBXFileReference; lastKnownFileType = text; path = "RenderedImage (23).ppm"; sourceTree = "<group>"; };
		079849A71EE9EE41001E2495 /* Point3D.cpp */ = {isa = PBXFileReference; lastKnownFileType = sourcecode.cpp.cpp; path = Point3D.cpp; sourceTree = "<group>"; };
		079849A81EE9EE41001E2495 /* Point3D.h */ = {isa = PBXFileReference; lastKnownFileType = sourcecode.c.h; path = Point3D.h; sourceTree = "<group>"; };
		079849A91EE9EE41001E2495 /* svdDynamic.cpp */ = {isa = PBXFileReference; lastKnownFileType = sourcecode.cpp.cpp; path = svdDynamic.cpp; sourceTree = "<group>"; };
		079849AA1EE9EE41001E2495 /* svdDynamic.h */ = {isa = PBXFileReference; lastKnownFileType = sourcecode.c.h; path = svdDynamic.h; sourceTree = "<group>"; };
		079849AB1EE9EE41001E2495 /* Transform3D.cpp */ = {isa = PBXFileReference; lastKnownFileType = sourcecode.cpp.cpp; path = Transform3D.cpp; sourceTree = "<group>"; };
		079849AC1EE9EE41001E2495 /* Transform3D.h */ = {isa = PBXFileReference; lastKnownFileType = sourcecode.c.h; path = Transform3D.h; sourceTree = "<group>"; };
		079849AE1EE9EE41001E2495 /* AreaLightElement.cpp */ = {isa = PBXFileReference; lastKnownFileType = sourcecode.cpp.cpp; path = AreaLightElement.cpp; sourceTree = "<group>"; };
		079849AF1EE9EE41001E2495 /* AreaLightElement.h */ = {isa = PBXFileReference; lastKnownFileType = sourcecode.c.h; path = AreaLightElement.h; sourceTree = "<group>"; };
		079849B01EE9EE41001E2495 /* Light.cpp */ = {isa = PBXFileReference; lastKnownFileType = sourcecode.cpp.cpp; path = Light.cpp; sourceTree = "<group>"; };
		079849B11EE9EE41001E2495 /* Light.h */ = {isa = PBXFileReference; lastKnownFileType = sourcecode.c.h; path = Light.h; sourceTree = "<group>"; };
		079849B21EE9EE41001E2495 /* PointLightSource.cpp */ = {isa = PBXFileReference; lastKnownFileType = sourcecode.cpp.cpp; path = PointLightSource.cpp; sourceTree = "<group>"; };
		079849B31EE9EE41001E2495 /* PointLightSource.h */ = {isa = PBXFileReference; lastKnownFileType = sourcecode.c.h; path = PointLightSource.h; sourceTree = "<group>"; };
		079849B41EE9EE41001E2495 /* main.cpp */ = {isa = PBXFileReference; lastKnownFileType = sourcecode.cpp.cpp; path = main.cpp; sourceTree = "<group>"; };
		079849B61EE9EE41001E2495 /* mainML.cpp */ = {isa = PBXFileReference; lastKnownFileType = sourcecode.cpp.cpp; path = mainML.cpp; sourceTree = "<group>"; };
		079849B71EE9EE41001E2495 /* ML.h */ = {isa = PBXFileReference; lastKnownFileType = sourcecode.c.h; path = ML.h; sourceTree = "<group>"; };
		079849B91EE9EE41001E2495 /* ceramic-texture.ppm */ = {isa = PBXFileReference; lastKnownFileType = text; path = "ceramic-texture.ppm"; sourceTree = "<group>"; };
		079849BA1EE9EE41001E2495 /* chess-board-texture.ppm */ = {isa = PBXFileReference; lastKnownFileType = text; path = "chess-board-texture.ppm"; sourceTree = "<group>"; };
		079849BB1EE9EE41001E2495 /* green.ppm */ = {isa = PBXFileReference; lastKnownFileType = text; path = green.ppm; sourceTree = "<group>"; };
		079849BC1EE9EE41001E2495 /* high_res_horse.obj */ = {isa = PBXFileReference; lastKnownFileType = text; path = high_res_horse.obj; sourceTree = "<group>"; };
		079849BD1EE9EE41001E2495 /* high_res_king.obj */ = {isa = PBXFileReference; lastKnownFileType = text; path = high_res_king.obj; sourceTree = "<group>"; };
		079849BE1EE9EE41001E2495 /* high_res_pawn.obj */ = {isa = PBXFileReference; lastKnownFileType = text; path = high_res_pawn.obj; sourceTree = "<group>"; };
		079849BF1EE9EE41001E2495 /* high_res_queen.obj */ = {isa = PBXFileReference; lastKnownFileType = text; path = high_res_queen.obj; sourceTree = "<group>"; };
		079849C01EE9EE41001E2495 /* horse.obj */ = {isa = PBXFileReference; lastKnownFileType = text; path = horse.obj; sourceTree = "<group>"; };
		079849C11EE9EE41001E2495 /* king.obj */ = {isa = PBXFileReference; lastKnownFileType = text; path = king.obj; sourceTree = "<group>"; };
		079849C21EE9EE41001E2495 /* pawn.obj */ = {isa = PBXFileReference; lastKnownFileType = text; path = pawn.obj; sourceTree = "<group>"; };
		079849C31EE9EE41001E2495 /* queen.obj */ = {isa = PBXFileReference; lastKnownFileType = text; path = queen.obj; sourceTree = "<group>"; };
		079849C41EE9EE41001E2495 /* queen_textured.obj */ = {isa = PBXFileReference; lastKnownFileType = text; path = queen_textured.obj; sourceTree = "<group>"; };
		079849C51EE9EE41001E2495 /* smaller-texture.ppm */ = {isa = PBXFileReference; lastKnownFileType = text; path = "smaller-texture.ppm"; sourceTree = "<group>"; };
		079849C61EE9EE41001E2495 /* teapot.obj */ = {isa = PBXFileReference; lastKnownFileType = text; path = teapot.obj; sourceTree = "<group>"; };
		079849C71EE9EE41001E2495 /* top.obj */ = {isa = PBXFileReference; lastKnownFileType = text; path = top.obj; sourceTree = "<group>"; };
		079849C91EE9EE41001E2495 /* ColourRGB.cpp */ = {isa = PBXFileReference; lastKnownFileType = sourcecode.cpp.cpp; path = ColourRGB.cpp; sourceTree = "<group>"; };
		079849CA1EE9EE41001E2495 /* ColourRGB.h */ = {isa = PBXFileReference; lastKnownFileType = sourcecode.c.h; path = ColourRGB.h; sourceTree = "<group>"; };
		079849CB1EE9EE41001E2495 /* Image.cpp */ = {isa = PBXFileReference; lastKnownFileType = sourcecode.cpp.cpp; path = Image.cpp; sourceTree = "<group>"; };
		079849CC1EE9EE41001E2495 /* Image.h */ = {isa = PBXFileReference; lastKnownFileType = sourcecode.c.h; path = Image.h; sourceTree = "<group>"; };
		079849CD1EE9EE41001E2495 /* Intersection.cpp */ = {isa = PBXFileReference; lastKnownFileType = sourcecode.cpp.cpp; path = Intersection.cpp; sourceTree = "<group>"; };
		079849CE1EE9EE41001E2495 /* Intersection.h */ = {isa = PBXFileReference; lastKnownFileType = sourcecode.c.h; path = Intersection.h; sourceTree = "<group>"; };
		079849CF1EE9EE41001E2495 /* Material.cpp */ = {isa = PBXFileReference; lastKnownFileType = sourcecode.cpp.cpp; path = Material.cpp; sourceTree = "<group>"; };
		079849D01EE9EE41001E2495 /* Material.h */ = {isa = PBXFileReference; lastKnownFileType = sourcecode.c.h; path = Material.h; sourceTree = "<group>"; };
		079849D11EE9EE41001E2495 /* Object3D.cpp */ = {isa = PBXFileReference; lastKnownFileType = sourcecode.cpp.cpp; path = Object3D.cpp; sourceTree = "<group>"; };
		079849D21EE9EE41001E2495 /* Object3D.h */ = {isa = PBXFileReference; lastKnownFileType = sourcecode.c.h; path = Object3D.h; sourceTree = "<group>"; };
		079849D41EE9EE41001E2495 /* BoundingBox.cpp */ = {isa = PBXFileReference; lastKnownFileType = sourcecode.cpp.cpp; path = BoundingBox.cpp; sourceTree = "<group>"; };
		079849D51EE9EE41001E2495 /* BoundingBox.h */ = {isa = PBXFileReference; lastKnownFileType = sourcecode.c.h; path = BoundingBox.h; sourceTree = "<group>"; };
		079849D61EE9EE41001E2495 /* Cone.cpp */ = {isa = PBXFileReference; lastKnownFileType = sourcecode.cpp.cpp; path = Cone.cpp; sourceTree = "<group>"; };
		079849D71EE9EE41001E2495 /* Cone.h */ = {isa = PBXFileReference; lastKnownFileType = sourcecode.c.h; path = Cone.h; sourceTree = "<group>"; };
		079849D81EE9EE41001E2495 /* Cube.cpp */ = {isa = PBXFileReference; lastKnownFileType = sourcecode.cpp.cpp; path = Cube.cpp; sourceTree = "<group>"; };
		079849D91EE9EE41001E2495 /* Cube.h */ = {isa = PBXFileReference; lastKnownFileType = sourcecode.c.h; path = Cube.h; sourceTree = "<group>"; };
		079849DA1EE9EE41001E2495 /* Cylinder.cpp */ = {isa = PBXFileReference; lastKnownFileType = sourcecode.cpp.cpp; path = Cylinder.cpp; sourceTree = "<group>"; };
		079849DB1EE9EE41001E2495 /* Cylinder.h */ = {isa = PBXFileReference; lastKnownFileType = sourcecode.c.h; path = Cylinder.h; sourceTree = "<group>"; };
		079849DC1EE9EE41001E2495 /* Disk.cpp */ = {isa = PBXFileReference; lastKnownFileType = sourcecode.cpp.cpp; path = Disk.cpp; sourceTree = "<group>"; };
		079849DD1EE9EE41001E2495 /* Disk.h */ = {isa = PBXFileReference; lastKnownFileType = sourcecode.c.h; path = Disk.h; sourceTree = "<group>"; };
		079849DE1EE9EE41001E2495 /* Paraboloid.cpp */ = {isa = PBXFileReference; lastKnownFileType = sourcecode.cpp.cpp; path = Paraboloid.cpp; sourceTree = "<group>"; };
		079849DF1EE9EE41001E2495 /* Paraboloid.h */ = {isa = PBXFileReference; lastKnownFileType = sourcecode.c.h; path = Paraboloid.h; sourceTree = "<group>"; };
		079849E01EE9EE41001E2495 /* Plane.cpp */ = {isa = PBXFileReference; lastKnownFileType = sourcecode.cpp.cpp; path = Plane.cpp; sourceTree = "<group>"; };
		079849E11EE9EE41001E2495 /* Plane.h */ = {isa = PBXFileReference; lastKnownFileType = sourcecode.c.h; path = Plane.h; sourceTree = "<group>"; };
		079849E21EE9EE41001E2495 /* Sphere.cpp */ = {isa = PBXFileReference; lastKnownFileType = sourcecode.cpp.cpp; path = Sphere.cpp; sourceTree = "<group>"; };
		079849E31EE9EE41001E2495 /* Sphere.h */ = {isa = PBXFileReference; lastKnownFileType = sourcecode.c.h; path = Sphere.h; sourceTree = "<group>"; };
		079849E41EE9EE41001E2495 /* Torus.cpp */ = {isa = PBXFileReference; lastKnownFileType = sourcecode.cpp.cpp; path = Torus.cpp; sourceTree = "<group>"; };
		079849E51EE9EE41001E2495 /* Torus.h */ = {isa = PBXFileReference; lastKnownFileType = sourcecode.c.h; path = Torus.h; sourceTree = "<group>"; };
		079849E61EE9EE41001E2495 /* TriangleMesh.cpp */ = {isa = PBXFileReference; lastKnownFileType = sourcecode.cpp.cpp; path = TriangleMesh.cpp; sourceTree = "<group>"; };
		079849E71EE9EE41001E2495 /* TriangleMesh.h */ = {isa = PBXFileReference; lastKnownFileType = sourcecode.c.h; path = TriangleMesh.h; sourceTree = "<group>"; };
		079849E81EE9EE41001E2495 /* Ray3D.cpp */ = {isa = PBXFileReference; lastKnownFileType = sourcecode.cpp.cpp; path = Ray3D.cpp; sourceTree = "<group>"; };
		079849E91EE9EE41001E2495 /* Ray3D.h */ = {isa = PBXFileReference; lastKnownFileType = sourcecode.c.h; path = Ray3D.h; sourceTree = "<group>"; };
		079849EB1EE9EE41001E2495 /* RayTracer.cpp */ = {isa = PBXFileReference; lastKnownFileType = sourcecode.cpp.cpp; path = RayTracer.cpp; sourceTree = "<group>"; };
		079849ED1EE9EE41001E2495 /* RayTracer.h */ = {isa = PBXFileReference; lastKnownFileType = sourcecode.c.h; path = RayTracer.h; sourceTree = "<group>"; };
		079849F01EE9EE41001E2495 /* run.sh */ = {isa = PBXFileReference; lastKnownFileType = text.script.sh; path = run.sh; sourceTree = "<group>"; };
		079849F11EE9EE41001E2495 /* runMac.sh */ = {isa = PBXFileReference; lastKnownFileType = text.script.sh; path = runMac.sh; sourceTree = "<group>"; };
		079849F21EE9EE41001E2495 /* runMacML.sh */ = {isa = PBXFileReference; lastKnownFileType = text.script.sh; path = runMacML.sh; sourceTree = "<group>"; };
		079849F31EE9EE41001E2495 /* Skybox.cpp */ = {isa = PBXFileReference; lastKnownFileType = sourcecode.cpp.cpp; path = Skybox.cpp; sourceTree = "<group>"; };
		079849F41EE9EE41001E2495 /* Skybox.h */ = {isa = PBXFileReference; lastKnownFileType = sourcecode.c.h; path = Skybox.h; sourceTree = "<group>"; };
		079849F61EE9EE41001E2495 /* darkskies_bk.ppm */ = {isa = PBXFileReference; lastKnownFileType = text; path = darkskies_bk.ppm; sourceTree = "<group>"; };
		079849F71EE9EE41001E2495 /* darkskies_dn.ppm */ = {isa = PBXFileReference; lastKnownFileType = text; path = darkskies_dn.ppm; sourceTree = "<group>"; };
		079849F81EE9EE41001E2495 /* darkskies_ft.ppm */ = {isa = PBXFileReference; lastKnownFileType = text; path = darkskies_ft.ppm; sourceTree = "<group>"; };
		079849F91EE9EE41001E2495 /* darkskies_lf.ppm */ = {isa = PBXFileReference; lastKnownFileType = text; path = darkskies_lf.ppm; sourceTree = "<group>"; };
		079849FA1EE9EE41001E2495 /* darkskies_rt.ppm */ = {isa = PBXFileReference; lastKnownFileType = text; path = darkskies_rt.ppm; sourceTree = "<group>"; };
		079849FB1EE9EE41001E2495 /* darkskies_up.ppm */ = {isa = PBXFileReference; lastKnownFileType = text; path = darkskies_up.ppm; sourceTree = "<group>"; };
		079849FC1EE9EE41001E2495 /* lagoon_bk.ppm */ = {isa = PBXFileReference; lastKnownFileType = file; path = lagoon_bk.ppm; sourceTree = "<group>"; };
		079849FD1EE9EE41001E2495 /* lagoon_dn.ppm */ = {isa = PBXFileReference; lastKnownFileType = file; path = lagoon_dn.ppm; sourceTree = "<group>"; };
		079849FE1EE9EE41001E2495 /* lagoon_ft.ppm */ = {isa = PBXFileReference; lastKnownFileType = text; path = lagoon_ft.ppm; sourceTree = "<group>"; };
		079849FF1EE9EE41001E2495 /* lagoon_lf.ppm */ = {isa = PBXFileReference; lastKnownFileType = file; path = lagoon_lf.ppm; sourceTree = "<group>"; };
		07984A001EE9EE41001E2495 /* lagoon_rt.ppm */ = {isa = PBXFileReference; lastKnownFileType = file; path = lagoon_rt.ppm; sourceTree = "<group>"; };
		07984A011EE9EE41001E2495 /* lagoon_up.ppm */ = {isa = PBXFileReference; lastKnownFileType = file; path = lagoon_up.ppm; sourceTree = "<group>"; };
		07984A021EE9EE41001E2495 /* paint_bk.ppm */ = {isa = PBXFileReference; lastKnownFileType = text; path = paint_bk.ppm; sourceTree = "<group>"; };
		07984A031EE9EE41001E2495 /* paint_dn.ppm */ = {isa = PBXFileReference; lastKnownFileType = text; path = paint_dn.ppm; sourceTree = "<group>"; };
		07984A041EE9EE41001E2495 /* paint_ft.ppm */ = {isa = PBXFileReference; lastKnownFileType = text; path = paint_ft.ppm; sourceTree = "<group>"; };
		07984A051EE9EE41001E2495 /* paint_lf.ppm */ = {isa = PBXFileReference; lastKnownFileType = text; path = paint_lf.ppm; sourceTree = "<group>"; };
		07984A061EE9EE41001E2495 /* paint_rt.ppm */ = {isa = PBXFileReference; lastKnownFileType = text; path = paint_rt.ppm; sourceTree = "<group>"; };
		07984A071EE9EE41001E2495 /* paint_up.ppm */ = {isa = PBXFileReference; lastKnownFileType = text; path = paint_up.ppm; sourceTree = "<group>"; };
		07984A081EE9EE41001E2495 /* YellowCloud_bk.ppm */ = {isa = PBXFileReference; lastKnownFileType = text; path = YellowCloud_bk.ppm; sourceTree = "<group>"; };
		07984A091EE9EE41001E2495 /* YellowCloud_dn.ppm */ = {isa = PBXFileReference; lastKnownFileType = text; path = YellowCloud_dn.ppm; sourceTree = "<group>"; };
		07984A0A1EE9EE41001E2495 /* YellowCloud_ft.ppm */ = {isa = PBXFileReference; lastKnownFileType = text; path = YellowCloud_ft.ppm; sourceTree = "<group>"; };
		07984A0B1EE9EE41001E2495 /* YellowCloud_lf.ppm */ = {isa = PBXFileReference; lastKnownFileType = text; path = YellowCloud_lf.ppm; sourceTree = "<group>"; };
		07984A0C1EE9EE41001E2495 /* YellowCloud_rt.ppm */ = {isa = PBXFileReference; lastKnownFileType = text; path = YellowCloud_rt.ppm; sourceTree = "<group>"; };
		07984A0D1EE9EE41001E2495 /* YellowCloud_up.ppm */ = {isa = PBXFileReference; lastKnownFileType = text; path = YellowCloud_up.ppm; sourceTree = "<group>"; };
		07984A0F1EE9EE41001E2495 /* BACKGROUND_OIL.ppm */ = {isa = PBXFileReference; lastKnownFileType = text; path = BACKGROUND_OIL.ppm; sourceTree = "<group>"; };
		07984A101EE9EE41001E2495 /* check.ppm */ = {isa = PBXFileReference; lastKnownFileType = file; path = check.ppm; sourceTree = "<group>"; };
		07984A111EE9EE41001E2495 /* greyscale_natural_grunge1.ppm */ = {isa = PBXFileReference; lastKnownFileType = text; path = greyscale_natural_grunge1.ppm; sourceTree = "<group>"; };
		07984A121EE9EE41001E2495 /* greyscale_natural_grunge2.ppm */ = {isa = PBXFileReference; lastKnownFileType = text; path = greyscale_natural_grunge2.ppm; sourceTree = "<group>"; };
		07984A131EE9EE41001E2495 /* greyscale_natural_grunge3.ppm */ = {isa = PBXFileReference; lastKnownFileType = text; path = greyscale_natural_grunge3.ppm; sourceTree = "<group>"; };
		07984A141EE9EE41001E2495 /* greyscale_natural_grunge4.ppm */ = {isa = PBXFileReference; lastKnownFileType = text; path = greyscale_natural_grunge4.ppm; sourceTree = "<group>"; };
		07984A151EE9EE41001E2495 /* greyscale_natural_grunge5.ppm */ = {isa = PBXFileReference; lastKnownFileType = text; path = greyscale_natural_grunge5.ppm; sourceTree = "<group>"; };
		07984A161EE9EE41001E2495 /* greyscale_natural_grunge6.ppm */ = {isa = PBXFileReference; lastKnownFileType = text; path = greyscale_natural_grunge6.ppm; sourceTree = "<group>"; };
		07984A171EE9EE41001E2495 /* wall.ppm */ = {isa = PBXFileReference; lastKnownFileType = file; path = wall.ppm; sourceTree = "<group>"; };
		07984A181EE9EE41001E2495 /* webtreats_stone_4.ppm */ = {isa = PBXFileReference; lastKnownFileType = text; path = webtreats_stone_4.ppm; sourceTree = "<group>"; };
		07984A191EE9EE41001E2495 /* webtreats_stone_5.ppm */ = {isa = PBXFileReference; lastKnownFileType = text; path = webtreats_stone_5.ppm; sourceTree = "<group>"; };
		07984A1B1EE9EE41001E2495 /* OBJ_Loader.cpp */ = {isa = PBXFileReference; lastKnownFileType = sourcecode.cpp.cpp; path = OBJ_Loader.cpp; sourceTree = "<group>"; };
		07984A1C1EE9EE41001E2495 /* OBJ_Loader.h */ = {isa = PBXFileReference; lastKnownFileType = sourcecode.c.h; path = OBJ_Loader.h; sourceTree = "<group>"; };
		07984A1D1EE9EE41001E2495 /* poly34.cpp */ = {isa = PBXFileReference; lastKnownFileType = sourcecode.cpp.cpp; path = poly34.cpp; sourceTree = "<group>"; };
		07984A1E1EE9EE41001E2495 /* poly34.h */ = {isa = PBXFileReference; lastKnownFileType = sourcecode.c.h; path = poly34.h; sourceTree = "<group>"; };
		07984A1F1EE9EE41001E2495 /* ProgressManager.cpp */ = {isa = PBXFileReference; lastKnownFileType = sourcecode.cpp.cpp; path = ProgressManager.cpp; sourceTree = "<group>"; };
		07984A201EE9EE41001E2495 /* ProgressManager.h */ = {isa = PBXFileReference; lastKnownFileType = sourcecode.c.h; path = ProgressManager.h; sourceTree = "<group>"; };
		07EA014D1E74B282000C4026 /* Ray Tracer */ = {isa = PBXFileReference; explicitFileType = "compiled.mach-o.executable"; includeInIndex = 0; path = "Ray Tracer"; sourceTree = BUILT_PRODUCTS_DIR; };
		07EA01D21E7608EE000C4026 /* libstdc++.6.0.9.tbd */ = {isa = PBXFileReference; lastKnownFileType = "sourcecode.text-based-dylib-definition"; name = "libstdc++.6.0.9.tbd"; path = "usr/lib/libstdc++.6.0.9.tbd"; sourceTree = SDKROOT; };
		07EA01D41E760AEB000C4026 /* libstdc++.tbd */ = {isa = PBXFileReference; lastKnownFileType = "sourcecode.text-based-dylib-definition"; name = "libstdc++.tbd"; path = "usr/lib/libstdc++.tbd"; sourceTree = SDKROOT; };
/* End PBXFileReference section */

/* Begin PBXFrameworksBuildPhase section */
		07EA014A1E74B282000C4026 /* Frameworks */ = {
			isa = PBXFrameworksBuildPhase;
			buildActionMask = 2147483647;
			files = (
				07EA01D51E760AEB000C4026 /* libstdc++.tbd in Frameworks */,
			);
			runOnlyForDeploymentPostprocessing = 0;
		};
/* End PBXFrameworksBuildPhase section */

/* Begin PBXGroup section */
		079849961EE9EE40001E2495 /* Ray Tracer */ = {
			isa = PBXGroup;
			children = (
				07984A0E1EE9EE41001E2495 /* Textures */,
				079849F51EE9EE41001E2495 /* Skyboxes */,
				07984A211EE9EE88001E2495 /* Build */,
				0798499D1EE9EE40001E2495 /* GeneratedImages */,
				07984A1A1EE9EE41001E2495 /* Utilities */,
				079849A61EE9EE41001E2495 /* GeometricTypes */,
				079849AD1EE9EE41001E2495 /* Lights */,
				079849B51EE9EE41001E2495 /* ML */,
				079849B81EE9EE41001E2495 /* OBJ */,
				079849C81EE9EE41001E2495 /* ObjectTypes */,
				079849B41EE9EE41001E2495 /* main.cpp */,
				079849EB1EE9EE41001E2495 /* RayTracer.cpp */,
				079849ED1EE9EE41001E2495 /* RayTracer.h */,
				079849981EE9EE40001E2495 /* Camera.cpp */,
				079849991EE9EE40001E2495 /* Camera.h */,
				079849F31EE9EE41001E2495 /* Skybox.cpp */,
				079849F41EE9EE41001E2495 /* Skybox.h */,
				077B5FF61EEDDFFD0022ABDF /* StereoCamera.cpp */,
				077B5FF71EEDDFFD0022ABDF /* StereoCamera.h */,
			);
			path = "Ray Tracer";
			sourceTree = "<group>";
		};
		0798499D1EE9EE40001E2495 /* GeneratedImages */ = {
			isa = PBXGroup;
			children = (
				0798499E1EE9EE40001E2495 /* A3_Glossy_Refraction_Antialiasing.ppm */,
				0798499F1EE9EE40001E2495 /* A3_Glossy_Refraction_AntiAliasing1.ppm */,
				079849A01EE9EE40001E2495 /* A3_Render1.ppm */,
				079849A11EE9EE40001E2495 /* A3_Render2.ppm */,
				079849A21EE9EE40001E2495 /* A3_Render3.ppm */,
				079849A31EE9EE40001E2495 /* A3_Textures_Glossy_Refraction_EnvMap_AntiAliasing.ppm */,
				079849A41EE9EE41001E2495 /* ChessScene.ppm */,
				079849A51EE9EE41001E2495 /* RenderedImage (23).ppm */,
			);
			path = GeneratedImages;
			sourceTree = "<group>";
		};
		079849A61EE9EE41001E2495 /* GeometricTypes */ = {
			isa = PBXGroup;
			children = (
				079849A71EE9EE41001E2495 /* Point3D.cpp */,
				079849A81EE9EE41001E2495 /* Point3D.h */,
				079849A91EE9EE41001E2495 /* svdDynamic.cpp */,
				079849AA1EE9EE41001E2495 /* svdDynamic.h */,
				079849AB1EE9EE41001E2495 /* Transform3D.cpp */,
				079849AC1EE9EE41001E2495 /* Transform3D.h */,
			);
			path = GeometricTypes;
			sourceTree = "<group>";
		};
		079849AD1EE9EE41001E2495 /* Lights */ = {
			isa = PBXGroup;
			children = (
				079849AE1EE9EE41001E2495 /* AreaLightElement.cpp */,
				079849AF1EE9EE41001E2495 /* AreaLightElement.h */,
				079849B01EE9EE41001E2495 /* Light.cpp */,
				079849B11EE9EE41001E2495 /* Light.h */,
				079849B21EE9EE41001E2495 /* PointLightSource.cpp */,
				079849B31EE9EE41001E2495 /* PointLightSource.h */,
			);
			path = Lights;
			sourceTree = "<group>";
		};
		079849B51EE9EE41001E2495 /* ML */ = {
			isa = PBXGroup;
			children = (
				079849B61EE9EE41001E2495 /* mainML.cpp */,
				079849B71EE9EE41001E2495 /* ML.h */,
			);
			path = ML;
			sourceTree = "<group>";
		};
		079849B81EE9EE41001E2495 /* OBJ */ = {
			isa = PBXGroup;
			children = (
				079849B91EE9EE41001E2495 /* ceramic-texture.ppm */,
				079849BA1EE9EE41001E2495 /* chess-board-texture.ppm */,
				079849BB1EE9EE41001E2495 /* green.ppm */,
				079849BC1EE9EE41001E2495 /* high_res_horse.obj */,
				079849BD1EE9EE41001E2495 /* high_res_king.obj */,
				079849BE1EE9EE41001E2495 /* high_res_pawn.obj */,
				079849BF1EE9EE41001E2495 /* high_res_queen.obj */,
				079849C01EE9EE41001E2495 /* horse.obj */,
				079849C11EE9EE41001E2495 /* king.obj */,
				079849C21EE9EE41001E2495 /* pawn.obj */,
				079849C31EE9EE41001E2495 /* queen.obj */,
				079849C41EE9EE41001E2495 /* queen_textured.obj */,
				079849C51EE9EE41001E2495 /* smaller-texture.ppm */,
				079849C61EE9EE41001E2495 /* teapot.obj */,
				079849C71EE9EE41001E2495 /* top.obj */,
			);
			path = OBJ;
			sourceTree = "<group>";
		};
		079849C81EE9EE41001E2495 /* ObjectTypes */ = {
			isa = PBXGroup;
			children = (
				079849C91EE9EE41001E2495 /* ColourRGB.cpp */,
				079849CA1EE9EE41001E2495 /* ColourRGB.h */,
				079849CB1EE9EE41001E2495 /* Image.cpp */,
				079849CC1EE9EE41001E2495 /* Image.h */,
				079849CD1EE9EE41001E2495 /* Intersection.cpp */,
				079849CE1EE9EE41001E2495 /* Intersection.h */,
				079849CF1EE9EE41001E2495 /* Material.cpp */,
				079849D01EE9EE41001E2495 /* Material.h */,
				079849D11EE9EE41001E2495 /* Object3D.cpp */,
				079849D21EE9EE41001E2495 /* Object3D.h */,
				079849D31EE9EE41001E2495 /* ObjectSubclasses */,
				079849E81EE9EE41001E2495 /* Ray3D.cpp */,
				079849E91EE9EE41001E2495 /* Ray3D.h */,
			);
			path = ObjectTypes;
			sourceTree = "<group>";
		};
		079849D31EE9EE41001E2495 /* ObjectSubclasses */ = {
			isa = PBXGroup;
			children = (
				079849D41EE9EE41001E2495 /* BoundingBox.cpp */,
				079849D51EE9EE41001E2495 /* BoundingBox.h */,
				079849D61EE9EE41001E2495 /* Cone.cpp */,
				079849D71EE9EE41001E2495 /* Cone.h */,
				079849D81EE9EE41001E2495 /* Cube.cpp */,
				079849D91EE9EE41001E2495 /* Cube.h */,
				079849DA1EE9EE41001E2495 /* Cylinder.cpp */,
				079849DB1EE9EE41001E2495 /* Cylinder.h */,
				079849DC1EE9EE41001E2495 /* Disk.cpp */,
				079849DD1EE9EE41001E2495 /* Disk.h */,
				079849DE1EE9EE41001E2495 /* Paraboloid.cpp */,
				079849DF1EE9EE41001E2495 /* Paraboloid.h */,
				079849E01EE9EE41001E2495 /* Plane.cpp */,
				079849E11EE9EE41001E2495 /* Plane.h */,
				079849E21EE9EE41001E2495 /* Sphere.cpp */,
				079849E31EE9EE41001E2495 /* Sphere.h */,
				079849E41EE9EE41001E2495 /* Torus.cpp */,
				079849E51EE9EE41001E2495 /* Torus.h */,
				079849E61EE9EE41001E2495 /* TriangleMesh.cpp */,
				079849E71EE9EE41001E2495 /* TriangleMesh.h */,
			);
			path = ObjectSubclasses;
			sourceTree = "<group>";
		};
		079849F51EE9EE41001E2495 /* Skyboxes */ = {
			isa = PBXGroup;
			children = (
				079849F61EE9EE41001E2495 /* darkskies_bk.ppm */,
				079849F71EE9EE41001E2495 /* darkskies_dn.ppm */,
				079849F81EE9EE41001E2495 /* darkskies_ft.ppm */,
				079849F91EE9EE41001E2495 /* darkskies_lf.ppm */,
				079849FA1EE9EE41001E2495 /* darkskies_rt.ppm */,
				079849FB1EE9EE41001E2495 /* darkskies_up.ppm */,
				079849FC1EE9EE41001E2495 /* lagoon_bk.ppm */,
				079849FD1EE9EE41001E2495 /* lagoon_dn.ppm */,
				079849FE1EE9EE41001E2495 /* lagoon_ft.ppm */,
				079849FF1EE9EE41001E2495 /* lagoon_lf.ppm */,
				07984A001EE9EE41001E2495 /* lagoon_rt.ppm */,
				07984A011EE9EE41001E2495 /* lagoon_up.ppm */,
				07984A021EE9EE41001E2495 /* paint_bk.ppm */,
				07984A031EE9EE41001E2495 /* paint_dn.ppm */,
				07984A041EE9EE41001E2495 /* paint_ft.ppm */,
				07984A051EE9EE41001E2495 /* paint_lf.ppm */,
				07984A061EE9EE41001E2495 /* paint_rt.ppm */,
				07984A071EE9EE41001E2495 /* paint_up.ppm */,
				07984A081EE9EE41001E2495 /* YellowCloud_bk.ppm */,
				07984A091EE9EE41001E2495 /* YellowCloud_dn.ppm */,
				07984A0A1EE9EE41001E2495 /* YellowCloud_ft.ppm */,
				07984A0B1EE9EE41001E2495 /* YellowCloud_lf.ppm */,
				07984A0C1EE9EE41001E2495 /* YellowCloud_rt.ppm */,
				07984A0D1EE9EE41001E2495 /* YellowCloud_up.ppm */,
			);
			path = Skyboxes;
			sourceTree = "<group>";
		};
		07984A0E1EE9EE41001E2495 /* Textures */ = {
			isa = PBXGroup;
			children = (
				07984A0F1EE9EE41001E2495 /* BACKGROUND_OIL.ppm */,
				07984A101EE9EE41001E2495 /* check.ppm */,
				07984A111EE9EE41001E2495 /* greyscale_natural_grunge1.ppm */,
				07984A121EE9EE41001E2495 /* greyscale_natural_grunge2.ppm */,
				07984A131EE9EE41001E2495 /* greyscale_natural_grunge3.ppm */,
				07984A141EE9EE41001E2495 /* greyscale_natural_grunge4.ppm */,
				07984A151EE9EE41001E2495 /* greyscale_natural_grunge5.ppm */,
				07984A161EE9EE41001E2495 /* greyscale_natural_grunge6.ppm */,
				07984A171EE9EE41001E2495 /* wall.ppm */,
				07984A181EE9EE41001E2495 /* webtreats_stone_4.ppm */,
				07984A191EE9EE41001E2495 /* webtreats_stone_5.ppm */,
			);
			path = Textures;
			sourceTree = "<group>";
		};
		07984A1A1EE9EE41001E2495 /* Utilities */ = {
			isa = PBXGroup;
			children = (
				07984A1B1EE9EE41001E2495 /* OBJ_Loader.cpp */,
				07984A1C1EE9EE41001E2495 /* OBJ_Loader.h */,
				07984A1D1EE9EE41001E2495 /* poly34.cpp */,
				07984A1E1EE9EE41001E2495 /* poly34.h */,
				07984A1F1EE9EE41001E2495 /* ProgressManager.cpp */,
				07984A201EE9EE41001E2495 /* ProgressManager.h */,
			);
			path = Utilities;
			sourceTree = "<group>";
		};
		07984A211EE9EE88001E2495 /* Build */ = {
			isa = PBXGroup;
			children = (
				0798499A1EE9EE40001E2495 /* compile.sh */,
				0798499B1EE9EE40001E2495 /* compileMac.sh */,
				079849F01EE9EE41001E2495 /* run.sh */,
				079849F11EE9EE41001E2495 /* runMac.sh */,
				079849F21EE9EE41001E2495 /* runMacML.sh */,
			);
			name = Build;
			sourceTree = "<group>";
		};
		07EA01441E74B282000C4026 = {
			isa = PBXGroup;
			children = (
				079849961EE9EE40001E2495 /* Ray Tracer */,
				07EA014E1E74B282000C4026 /* Products */,
				07EA01D11E7608EE000C4026 /* Frameworks */,
			);
			sourceTree = "<group>";
		};
		07EA014E1E74B282000C4026 /* Products */ = {
			isa = PBXGroup;
			children = (
				07EA014D1E74B282000C4026 /* Ray Tracer */,
			);
			name = Products;
			sourceTree = "<group>";
		};
		07EA01D11E7608EE000C4026 /* Frameworks */ = {
			isa = PBXGroup;
			children = (
				07EA01D41E760AEB000C4026 /* libstdc++.tbd */,
				07EA01D21E7608EE000C4026 /* libstdc++.6.0.9.tbd */,
			);
			name = Frameworks;
			sourceTree = "<group>";
		};
/* End PBXGroup section */

/* Begin PBXNativeTarget section */
		07EA014C1E74B282000C4026 /* Ray Tracer */ = {
			isa = PBXNativeTarget;
			buildConfigurationList = 07EA01541E74B282000C4026 /* Build configuration list for PBXNativeTarget "Ray Tracer" */;
			buildPhases = (
				07EA01491E74B282000C4026 /* Sources */,
				07EA014A1E74B282000C4026 /* Frameworks */,
				07EA014B1E74B282000C4026 /* CopyFiles */,
			);
			buildRules = (
			);
			dependencies = (
			);
			name = "Ray Tracer";
			productName = "Ray Tracer";
			productReference = 07EA014D1E74B282000C4026 /* Ray Tracer */;
			productType = "com.apple.product-type.tool";
		};
/* End PBXNativeTarget section */

/* Begin PBXProject section */
		07EA01451E74B282000C4026 /* Project object */ = {
			isa = PBXProject;
			attributes = {
				LastUpgradeCheck = 0820;
				ORGANIZATIONNAME = "Eric Elmoznino";
				TargetAttributes = {
					07EA014C1E74B282000C4026 = {
						CreatedOnToolsVersion = 8.2.1;
						DevelopmentTeam = GEECX5EAT6;
						ProvisioningStyle = Automatic;
					};
				};
			};
			buildConfigurationList = 07EA01481E74B282000C4026 /* Build configuration list for PBXProject "Ray Tracer" */;
			compatibilityVersion = "Xcode 3.2";
			developmentRegion = English;
			hasScannedForEncodings = 0;
			knownRegions = (
				en,
			);
			mainGroup = 07EA01441E74B282000C4026;
			productRefGroup = 07EA014E1E74B282000C4026 /* Products */;
			projectDirPath = "";
			projectRoot = "";
			targets = (
				07EA014C1E74B282000C4026 /* Ray Tracer */,
			);
		};
/* End PBXProject section */

/* Begin PBXSourcesBuildPhase section */
		07EA01491E74B282000C4026 /* Sources */ = {
			isa = PBXSourcesBuildPhase;
			buildActionMask = 2147483647;
			files = (
				077B5FFC1EEDE6D80022ABDF /* Point3D.cpp in Sources */,
				077B5FFD1EEDE6D80022ABDF /* svdDynamic.cpp in Sources */,
				077B5FFE1EEDE6D80022ABDF /* Transform3D.cpp in Sources */,
				077B5FFF1EEDE6D80022ABDF /* AreaLightElement.cpp in Sources */,
				077B60001EEDE6D80022ABDF /* Light.cpp in Sources */,
				077B60011EEDE6D80022ABDF /* PointLightSource.cpp in Sources */,
				077B60021EEDE6D80022ABDF /* mainML.cpp in Sources */,
				077B60031EEDE6D80022ABDF /* ColourRGB.cpp in Sources */,
				077B60041EEDE6D80022ABDF /* Image.cpp in Sources */,
				077B60051EEDE6D80022ABDF /* Intersection.cpp in Sources */,
				077B60061EEDE6D80022ABDF /* Material.cpp in Sources */,
				077B60071EEDE6D80022ABDF /* Object3D.cpp in Sources */,
				077B60081EEDE6D80022ABDF /* BoundingBox.cpp in Sources */,
				077B60091EEDE6D80022ABDF /* Cone.cpp in Sources */,
				077B600A1EEDE6D80022ABDF /* Cube.cpp in Sources */,
				077B600B1EEDE6D80022ABDF /* Cylinder.cpp in Sources */,
				077B600C1EEDE6D80022ABDF /* Disk.cpp in Sources */,
				077B600D1EEDE6D80022ABDF /* Paraboloid.cpp in Sources */,
				077B600E1EEDE6D80022ABDF /* Plane.cpp in Sources */,
				077B600F1EEDE6D80022ABDF /* Sphere.cpp in Sources */,
				077B60101EEDE6D80022ABDF /* Torus.cpp in Sources */,
				077B60111EEDE6D80022ABDF /* TriangleMesh.cpp in Sources */,
				077B60121EEDE6D80022ABDF /* Ray3D.cpp in Sources */,
				077B60131EEDE6D80022ABDF /* main.cpp in Sources */,
				077B60141EEDE6D80022ABDF /* RayTracer.cpp in Sources */,
				077B60151EEDE6D80022ABDF /* Camera.cpp in Sources */,
				077B60161EEDE6D80022ABDF /* Skybox.cpp in Sources */,
				077B60171EEDE6D80022ABDF /* StereoCamera.cpp in Sources */,
				077B5FF91EEDE6870022ABDF /* OBJ_Loader.cpp in Sources */,
				077B5FFA1EEDE6870022ABDF /* poly34.cpp in Sources */,
				077B5FFB1EEDE6870022ABDF /* ProgressManager.cpp in Sources */,
			);
			runOnlyForDeploymentPostprocessing = 0;
		};
/* End PBXSourcesBuildPhase section */

/* Begin XCBuildConfiguration section */
		07EA01521E74B282000C4026 /* Debug */ = {
			isa = XCBuildConfiguration;
			buildSettings = {
				ALWAYS_SEARCH_USER_PATHS = NO;
				CLANG_ANALYZER_NONNULL = YES;
				CLANG_CXX_LANGUAGE_STANDARD = "gnu++0x";
				CLANG_CXX_LIBRARY = "libc++";
				CLANG_ENABLE_MODULES = YES;
				CLANG_ENABLE_OBJC_ARC = YES;
				CLANG_WARN_BOOL_CONVERSION = YES;
				CLANG_WARN_CONSTANT_CONVERSION = YES;
				CLANG_WARN_DIRECT_OBJC_ISA_USAGE = YES_ERROR;
				CLANG_WARN_DOCUMENTATION_COMMENTS = YES;
				CLANG_WARN_EMPTY_BODY = YES;
				CLANG_WARN_ENUM_CONVERSION = YES;
				CLANG_WARN_INFINITE_RECURSION = YES;
				CLANG_WARN_INT_CONVERSION = YES;
				CLANG_WARN_OBJC_ROOT_CLASS = YES_ERROR;
				CLANG_WARN_SUSPICIOUS_MOVE = YES;
				CLANG_WARN_UNREACHABLE_CODE = YES;
				CLANG_WARN__DUPLICATE_METHOD_MATCH = YES;
				CODE_SIGN_IDENTITY = "-";
				COPY_PHASE_STRIP = NO;
				DEBUG_INFORMATION_FORMAT = dwarf;
				ENABLE_STRICT_OBJC_MSGSEND = YES;
				ENABLE_TESTABILITY = YES;
				GCC_C_LANGUAGE_STANDARD = gnu99;
				GCC_DYNAMIC_NO_PIC = NO;
				GCC_NO_COMMON_BLOCKS = YES;
				GCC_OPTIMIZATION_LEVEL = 0;
				GCC_PREPROCESSOR_DEFINITIONS = (
					"DEBUG=1",
					"$(inherited)",
				);
				GCC_WARN_64_TO_32_BIT_CONVERSION = YES;
				GCC_WARN_ABOUT_RETURN_TYPE = YES_ERROR;
				GCC_WARN_UNDECLARED_SELECTOR = YES;
				GCC_WARN_UNINITIALIZED_AUTOS = YES_AGGRESSIVE;
				GCC_WARN_UNUSED_FUNCTION = YES;
				GCC_WARN_UNUSED_VARIABLE = YES;
				MACOSX_DEPLOYMENT_TARGET = 10.12;
				MTL_ENABLE_DEBUG_INFO = YES;
				ONLY_ACTIVE_ARCH = YES;
				SDKROOT = macosx;
			};
			name = Debug;
		};
		07EA01531E74B282000C4026 /* Release */ = {
			isa = XCBuildConfiguration;
			buildSettings = {
				ALWAYS_SEARCH_USER_PATHS = NO;
				CLANG_ANALYZER_NONNULL = YES;
				CLANG_CXX_LANGUAGE_STANDARD = "gnu++0x";
				CLANG_CXX_LIBRARY = "libc++";
				CLANG_ENABLE_MODULES = YES;
				CLANG_ENABLE_OBJC_ARC = YES;
				CLANG_WARN_BOOL_CONVERSION = YES;
				CLANG_WARN_CONSTANT_CONVERSION = YES;
				CLANG_WARN_DIRECT_OBJC_ISA_USAGE = YES_ERROR;
				CLANG_WARN_DOCUMENTATION_COMMENTS = YES;
				CLANG_WARN_EMPTY_BODY = YES;
				CLANG_WARN_ENUM_CONVERSION = YES;
				CLANG_WARN_INFINITE_RECURSION = YES;
				CLANG_WARN_INT_CONVERSION = YES;
				CLANG_WARN_OBJC_ROOT_CLASS = YES_ERROR;
				CLANG_WARN_SUSPICIOUS_MOVE = YES;
				CLANG_WARN_UNREACHABLE_CODE = YES;
				CLANG_WARN__DUPLICATE_METHOD_MATCH = YES;
				CODE_SIGN_IDENTITY = "-";
				COPY_PHASE_STRIP = NO;
				DEBUG_INFORMATION_FORMAT = "dwarf-with-dsym";
				ENABLE_NS_ASSERTIONS = NO;
				ENABLE_STRICT_OBJC_MSGSEND = YES;
				GCC_C_LANGUAGE_STANDARD = gnu99;
				GCC_NO_COMMON_BLOCKS = YES;
				GCC_WARN_64_TO_32_BIT_CONVERSION = YES;
				GCC_WARN_ABOUT_RETURN_TYPE = YES_ERROR;
				GCC_WARN_UNDECLARED_SELECTOR = YES;
				GCC_WARN_UNINITIALIZED_AUTOS = YES_AGGRESSIVE;
				GCC_WARN_UNUSED_FUNCTION = YES;
				GCC_WARN_UNUSED_VARIABLE = YES;
				MACOSX_DEPLOYMENT_TARGET = 10.12;
				MTL_ENABLE_DEBUG_INFO = NO;
				SDKROOT = macosx;
			};
			name = Release;
		};
		07EA01551E74B282000C4026 /* Debug */ = {
			isa = XCBuildConfiguration;
			buildSettings = {
				DEVELOPMENT_TEAM = GEECX5EAT6;
				GCC_VERSION = "";
				OTHER_CFLAGS = (
					"-x",
					"c++",
				);
				OTHER_CPLUSPLUSFLAGS = "$(OTHER_CFLAGS) ";
				PRODUCT_NAME = "$(TARGET_NAME)";
			};
			name = Debug;
		};
		07EA01561E74B282000C4026 /* Release */ = {
			isa = XCBuildConfiguration;
			buildSettings = {
				DEVELOPMENT_TEAM = GEECX5EAT6;
				GCC_VERSION = "";
				OTHER_CFLAGS = (
					"-x",
					"c++",
				);
				OTHER_CPLUSPLUSFLAGS = "$(OTHER_CFLAGS) ";
				PRODUCT_NAME = "$(TARGET_NAME)";
			};
			name = Release;
		};
/* End XCBuildConfiguration section */

/* Begin XCConfigurationList section */
		07EA01481E74B282000C4026 /* Build configuration list for PBXProject "Ray Tracer" */ = {
			isa = XCConfigurationList;
			buildConfigurations = (
				07EA01521E74B282000C4026 /* Debug */,
				07EA01531E74B282000C4026 /* Release */,
			);
			defaultConfigurationIsVisible = 0;
			defaultConfigurationName = Release;
		};
		07EA01541E74B282000C4026 /* Build configuration list for PBXNativeTarget "Ray Tracer" */ = {
			isa = XCConfigurationList;
			buildConfigurations = (
				07EA01551E74B282000C4026 /* Debug */,
				07EA01561E74B282000C4026 /* Release */,
			);
			defaultConfigurationIsVisible = 0;
			defaultConfigurationName = Release;
		};
/* End XCConfigurationList section */
	};
	rootObject = 07EA01451E74B282000C4026 /* Project object */;
}
