// !$*UTF8*$!
{
	archiveVersion = 1;
	classes = {
	};
	objectVersion = 46;
	objects = {

/* Begin PBXBuildFile section */
		0705CA4B1E8E22C70028B251 /* TriangleMesh.cpp in Sources */ = {isa = PBXBuildFile; fileRef = 0705CA491E8E22C70028B251 /* TriangleMesh.cpp */; };
		07190D7D1E99586C0035743E /* BoundingBox.cpp in Sources */ = {isa = PBXBuildFile; fileRef = 07190D7B1E99586C0035743E /* BoundingBox.cpp */; };
		0721F5281E93418700B75C4E /* OBJ_Loader.cpp in Sources */ = {isa = PBXBuildFile; fileRef = 0721F5271E93418700B75C4E /* OBJ_Loader.cpp */; };
		075B4D451E87156900FA30D3 /* Skybox.cpp in Sources */ = {isa = PBXBuildFile; fileRef = 075B4D431E87156900FA30D3 /* Skybox.cpp */; };
		075B4D551E87894800FA30D3 /* ProgressManager.cpp in Sources */ = {isa = PBXBuildFile; fileRef = 075B4D531E87894800FA30D3 /* ProgressManager.cpp */; };
		075B4D591E881DB700FA30D3 /* PointLightSource.cpp in Sources */ = {isa = PBXBuildFile; fileRef = 075B4D571E881DB700FA30D3 /* PointLightSource.cpp */; };
		075B4D5C1E881DD800FA30D3 /* Light.cpp in Sources */ = {isa = PBXBuildFile; fileRef = 075B4D5A1E881DD800FA30D3 /* Light.cpp */; };
		075B4D5F1E8820D800FA30D3 /* AreaLightElement.cpp in Sources */ = {isa = PBXBuildFile; fileRef = 075B4D5D1E8820D800FA30D3 /* AreaLightElement.cpp */; };
		07DB7B4C1E78CD62004BED96 /* Intersection.cpp in Sources */ = {isa = PBXBuildFile; fileRef = 07DB7B4A1E78CD62004BED96 /* Intersection.cpp */; };
		07EA015F1E74B378000C4026 /* RayTracer.cpp in Sources */ = {isa = PBXBuildFile; fileRef = 07EA01591E74B378000C4026 /* RayTracer.cpp */; };
		07EA018B1E75979F000C4026 /* Point3D.cpp in Sources */ = {isa = PBXBuildFile; fileRef = 07EA01851E75979F000C4026 /* Point3D.cpp */; };
		07EA018C1E75979F000C4026 /* svdDynamic.cpp in Sources */ = {isa = PBXBuildFile; fileRef = 07EA01871E75979F000C4026 /* svdDynamic.cpp */; };
		07EA018D1E75979F000C4026 /* Transform3D.cpp in Sources */ = {isa = PBXBuildFile; fileRef = 07EA01891E75979F000C4026 /* Transform3D.cpp */; };
		07EA01BA1E75983E000C4026 /* Material.cpp in Sources */ = {isa = PBXBuildFile; fileRef = 07EA01A91E75983E000C4026 /* Material.cpp */; };
		07EA01BB1E75983E000C4026 /* ColourRGB.cpp in Sources */ = {isa = PBXBuildFile; fileRef = 07EA01AB1E75983E000C4026 /* ColourRGB.cpp */; };
		07EA01BC1E75983E000C4026 /* Image.cpp in Sources */ = {isa = PBXBuildFile; fileRef = 07EA01AD1E75983E000C4026 /* Image.cpp */; };
		07EA01BF1E75983E000C4026 /* Object3D.cpp in Sources */ = {isa = PBXBuildFile; fileRef = 07EA01B41E75983E000C4026 /* Object3D.cpp */; };
		07EA01C11E75983E000C4026 /* Ray3D.cpp in Sources */ = {isa = PBXBuildFile; fileRef = 07EA01B81E75983E000C4026 /* Ray3D.cpp */; };
		07EA01C71E759D2F000C4026 /* Plane.cpp in Sources */ = {isa = PBXBuildFile; fileRef = 07EA01C31E759D2F000C4026 /* Plane.cpp */; };
		07EA01C81E759D2F000C4026 /* Sphere.cpp in Sources */ = {isa = PBXBuildFile; fileRef = 07EA01C51E759D2F000C4026 /* Sphere.cpp */; };
		07EA01CE1E75D7EE000C4026 /* View.cpp in Sources */ = {isa = PBXBuildFile; fileRef = 07EA01CC1E75D7EE000C4026 /* View.cpp */; };
		07EA01D01E75F033000C4026 /* main.cpp in Sources */ = {isa = PBXBuildFile; fileRef = 07EA01CF1E75F033000C4026 /* main.cpp */; };
		07EA01D51E760AEB000C4026 /* libstdc++.tbd in Frameworks */ = {isa = PBXBuildFile; fileRef = 07EA01D41E760AEB000C4026 /* libstdc++.tbd */; };
		0A850D581E84B3F6008132E1 /* PlaneLightSource.cpp in Sources */ = {isa = PBXBuildFile; fileRef = 0A850D561E84B3F6008132E1 /* PlaneLightSource.cpp */; };
/* End PBXBuildFile section */

/* Begin PBXCopyFilesBuildPhase section */
		07EA014B1E74B282000C4026 /* CopyFiles */ = {
			isa = PBXCopyFilesBuildPhase;
			buildActionMask = 2147483647;
			dstPath = /usr/share/man/man1/;
			dstSubfolderSpec = 0;
			files = (
			);
			runOnlyForDeploymentPostprocessing = 1;
		};
/* End PBXCopyFilesBuildPhase section */

/* Begin PBXFileReference section */
		0705CA481E8DE3760028B251 /* check.ppm */ = {isa = PBXFileReference; lastKnownFileType = file; path = check.ppm; sourceTree = "<group>"; };
		0705CA491E8E22C70028B251 /* TriangleMesh.cpp */ = {isa = PBXFileReference; fileEncoding = 4; lastKnownFileType = sourcecode.cpp.cpp; path = TriangleMesh.cpp; sourceTree = "<group>"; };
		0705CA4A1E8E22C70028B251 /* TriangleMesh.h */ = {isa = PBXFileReference; fileEncoding = 4; lastKnownFileType = sourcecode.c.h; path = TriangleMesh.h; sourceTree = "<group>"; };
		07190D791E98455C0035743E /* wall.ppm */ = {isa = PBXFileReference; lastKnownFileType = file; path = wall.ppm; sourceTree = "<group>"; };
		07190D7B1E99586C0035743E /* BoundingBox.cpp */ = {isa = PBXFileReference; fileEncoding = 4; lastKnownFileType = sourcecode.cpp.cpp; path = BoundingBox.cpp; sourceTree = "<group>"; };
		07190D7C1E99586C0035743E /* BoundingBox.h */ = {isa = PBXFileReference; fileEncoding = 4; lastKnownFileType = sourcecode.c.h; path = BoundingBox.h; sourceTree = "<group>"; };
		07190D7E1E99CFA50035743E /* paint_bk.ppm */ = {isa = PBXFileReference; lastKnownFileType = text; path = paint_bk.ppm; sourceTree = "<group>"; };
		07190D7F1E99CFA50035743E /* paint_dn.ppm */ = {isa = PBXFileReference; lastKnownFileType = text; path = paint_dn.ppm; sourceTree = "<group>"; };
		07190D801E99CFA50035743E /* paint_ft.ppm */ = {isa = PBXFileReference; lastKnownFileType = text; path = paint_ft.ppm; sourceTree = "<group>"; };
		07190D811E99CFA50035743E /* paint_lf.ppm */ = {isa = PBXFileReference; lastKnownFileType = text; path = paint_lf.ppm; sourceTree = "<group>"; };
		07190D821E99CFA50035743E /* paint_rt.ppm */ = {isa = PBXFileReference; lastKnownFileType = text; path = paint_rt.ppm; sourceTree = "<group>"; };
		07190D831E99CFA50035743E /* paint_up.ppm */ = {isa = PBXFileReference; lastKnownFileType = text; path = paint_up.ppm; sourceTree = "<group>"; };
		07190D841E99D03F0035743E /* BACKGROUND_OIL.ppm */ = {isa = PBXFileReference; lastKnownFileType = text; path = BACKGROUND_OIL.ppm; sourceTree = "<group>"; };
		0721F5271E93418700B75C4E /* OBJ_Loader.cpp */ = {isa = PBXFileReference; fileEncoding = 4; lastKnownFileType = sourcecode.cpp.cpp; path = OBJ_Loader.cpp; sourceTree = "<group>"; };
		072543931E9A796800FE610E /* Report.txt */ = {isa = PBXFileReference; lastKnownFileType = text; path = Report.txt; sourceTree = "<group>"; };
		075B4D391E86ED6E00FA30D3 /* compileMac.sh */ = {isa = PBXFileReference; lastKnownFileType = text.script.sh; path = compileMac.sh; sourceTree = "<group>"; };
		075B4D3A1E86ED6E00FA30D3 /* runMac.sh */ = {isa = PBXFileReference; lastKnownFileType = text.script.sh; path = runMac.sh; sourceTree = "<group>"; };
		075B4D3D1E8714DA00FA30D3 /* YellowCloud_bk.ppm */ = {isa = PBXFileReference; lastKnownFileType = text; path = YellowCloud_bk.ppm; sourceTree = "<group>"; };
		075B4D3E1E8714DA00FA30D3 /* YellowCloud_dn.ppm */ = {isa = PBXFileReference; lastKnownFileType = text; path = YellowCloud_dn.ppm; sourceTree = "<group>"; };
		075B4D3F1E8714DA00FA30D3 /* YellowCloud_ft.ppm */ = {isa = PBXFileReference; lastKnownFileType = text; path = YellowCloud_ft.ppm; sourceTree = "<group>"; };
		075B4D401E8714DA00FA30D3 /* YellowCloud_lf.ppm */ = {isa = PBXFileReference; lastKnownFileType = text; path = YellowCloud_lf.ppm; sourceTree = "<group>"; };
		075B4D411E8714DA00FA30D3 /* YellowCloud_rt.ppm */ = {isa = PBXFileReference; lastKnownFileType = text; path = YellowCloud_rt.ppm; sourceTree = "<group>"; };
		075B4D421E8714DA00FA30D3 /* YellowCloud_up.ppm */ = {isa = PBXFileReference; lastKnownFileType = text; path = YellowCloud_up.ppm; sourceTree = "<group>"; };
		075B4D431E87156900FA30D3 /* Skybox.cpp */ = {isa = PBXFileReference; fileEncoding = 4; lastKnownFileType = sourcecode.cpp.cpp; path = Skybox.cpp; sourceTree = "<group>"; };
		075B4D441E87156900FA30D3 /* Skybox.h */ = {isa = PBXFileReference; fileEncoding = 4; lastKnownFileType = sourcecode.c.h; path = Skybox.h; sourceTree = "<group>"; };
		075B4D461E872BC000FA30D3 /* lagoon_up.ppm */ = {isa = PBXFileReference; lastKnownFileType = file; path = lagoon_up.ppm; sourceTree = "<group>"; };
		075B4D471E872BC000FA30D3 /* lagoon_lf.ppm */ = {isa = PBXFileReference; lastKnownFileType = file; path = lagoon_lf.ppm; sourceTree = "<group>"; };
		075B4D481E872BC000FA30D3 /* lagoon_rt.ppm */ = {isa = PBXFileReference; lastKnownFileType = file; path = lagoon_rt.ppm; sourceTree = "<group>"; };
		075B4D491E872BC000FA30D3 /* lagoon_dn.ppm */ = {isa = PBXFileReference; lastKnownFileType = file; path = lagoon_dn.ppm; sourceTree = "<group>"; };
		075B4D4A1E872BC000FA30D3 /* lagoon_bk.ppm */ = {isa = PBXFileReference; lastKnownFileType = file; path = lagoon_bk.ppm; sourceTree = "<group>"; };
		075B4D4B1E872BC000FA30D3 /* lagoon_ft.ppm */ = {isa = PBXFileReference; lastKnownFileType = text; path = lagoon_ft.ppm; sourceTree = "<group>"; };
		075B4D4C1E87681200FA30D3 /* darkskies_bk.ppm */ = {isa = PBXFileReference; lastKnownFileType = text; path = darkskies_bk.ppm; sourceTree = "<group>"; };
		075B4D4D1E87681200FA30D3 /* darkskies_dn.ppm */ = {isa = PBXFileReference; lastKnownFileType = text; path = darkskies_dn.ppm; sourceTree = "<group>"; };
		075B4D4E1E87681200FA30D3 /* darkskies_ft.ppm */ = {isa = PBXFileReference; lastKnownFileType = text; path = darkskies_ft.ppm; sourceTree = "<group>"; };
		075B4D4F1E87681200FA30D3 /* darkskies_lf.ppm */ = {isa = PBXFileReference; lastKnownFileType = text; path = darkskies_lf.ppm; sourceTree = "<group>"; };
		075B4D501E87681200FA30D3 /* darkskies_rt.ppm */ = {isa = PBXFileReference; lastKnownFileType = text; path = darkskies_rt.ppm; sourceTree = "<group>"; };
		075B4D511E87681200FA30D3 /* darkskies_up.ppm */ = {isa = PBXFileReference; lastKnownFileType = text; path = darkskies_up.ppm; sourceTree = "<group>"; };
		075B4D531E87894800FA30D3 /* ProgressManager.cpp */ = {isa = PBXFileReference; fileEncoding = 4; lastKnownFileType = sourcecode.cpp.cpp; path = ProgressManager.cpp; sourceTree = "<group>"; };
		075B4D541E87894800FA30D3 /* ProgressManager.h */ = {isa = PBXFileReference; fileEncoding = 4; lastKnownFileType = sourcecode.c.h; path = ProgressManager.h; sourceTree = "<group>"; };
		075B4D571E881DB700FA30D3 /* PointLightSource.cpp */ = {isa = PBXFileReference; fileEncoding = 4; lastKnownFileType = sourcecode.cpp.cpp; path = PointLightSource.cpp; sourceTree = "<group>"; };
		075B4D581E881DB700FA30D3 /* PointLightSource.h */ = {isa = PBXFileReference; fileEncoding = 4; lastKnownFileType = sourcecode.c.h; path = PointLightSource.h; sourceTree = "<group>"; };
		075B4D5A1E881DD800FA30D3 /* Light.cpp */ = {isa = PBXFileReference; fileEncoding = 4; lastKnownFileType = sourcecode.cpp.cpp; path = Light.cpp; sourceTree = "<group>"; };
		075B4D5B1E881DD800FA30D3 /* Light.h */ = {isa = PBXFileReference; fileEncoding = 4; lastKnownFileType = sourcecode.c.h; path = Light.h; sourceTree = "<group>"; };
		075B4D5D1E8820D800FA30D3 /* AreaLightElement.cpp */ = {isa = PBXFileReference; fileEncoding = 4; lastKnownFileType = sourcecode.cpp.cpp; path = AreaLightElement.cpp; sourceTree = "<group>"; };
		075B4D5E1E8820D800FA30D3 /* AreaLightElement.h */ = {isa = PBXFileReference; fileEncoding = 4; lastKnownFileType = sourcecode.c.h; path = AreaLightElement.h; sourceTree = "<group>"; };
		0762AE5A1E85EF9E00772C5D /* greyscale_natural_grunge1.ppm */ = {isa = PBXFileReference; lastKnownFileType = text; path = greyscale_natural_grunge1.ppm; sourceTree = "<group>"; };
		0762AE5B1E85EF9E00772C5D /* greyscale_natural_grunge2.ppm */ = {isa = PBXFileReference; lastKnownFileType = text; path = greyscale_natural_grunge2.ppm; sourceTree = "<group>"; };
		0762AE5C1E85EF9E00772C5D /* greyscale_natural_grunge3.ppm */ = {isa = PBXFileReference; lastKnownFileType = text; path = greyscale_natural_grunge3.ppm; sourceTree = "<group>"; };
		0762AE5D1E85EF9E00772C5D /* greyscale_natural_grunge4.ppm */ = {isa = PBXFileReference; lastKnownFileType = text; path = greyscale_natural_grunge4.ppm; sourceTree = "<group>"; };
		0762AE5E1E85EF9E00772C5D /* greyscale_natural_grunge5.ppm */ = {isa = PBXFileReference; lastKnownFileType = text; path = greyscale_natural_grunge5.ppm; sourceTree = "<group>"; };
		0762AE5F1E85EF9E00772C5D /* greyscale_natural_grunge6.ppm */ = {isa = PBXFileReference; lastKnownFileType = text; path = greyscale_natural_grunge6.ppm; sourceTree = "<group>"; };
		0762AE601E85EF9E00772C5D /* webtreats_stone_4.ppm */ = {isa = PBXFileReference; lastKnownFileType = text; path = webtreats_stone_4.ppm; sourceTree = "<group>"; };
		0762AE611E85EF9E00772C5D /* webtreats_stone_5.ppm */ = {isa = PBXFileReference; lastKnownFileType = text; path = webtreats_stone_5.ppm; sourceTree = "<group>"; };
		077BA6AC1E90422400CAB279 /* OBJ_Loader.h */ = {isa = PBXFileReference; lastKnownFileType = sourcecode.c.h; path = OBJ_Loader.h; sourceTree = "<group>"; };
		07A416571E774097000ABADA /* Handout.pdf */ = {isa = PBXFileReference; lastKnownFileType = image.pdf; path = Handout.pdf; sourceTree = "<group>"; };
		07DB7B4A1E78CD62004BED96 /* Intersection.cpp */ = {isa = PBXFileReference; fileEncoding = 4; lastKnownFileType = sourcecode.cpp.cpp; path = Intersection.cpp; sourceTree = "<group>"; };
		07DB7B4B1E78CD62004BED96 /* Intersection.h */ = {isa = PBXFileReference; fileEncoding = 4; lastKnownFileType = sourcecode.c.h; path = Intersection.h; sourceTree = "<group>"; };
		07EA014D1E74B282000C4026 /* Ray Tracer */ = {isa = PBXFileReference; explicitFileType = "compiled.mach-o.executable"; includeInIndex = 0; path = "Ray Tracer"; sourceTree = BUILT_PRODUCTS_DIR; };
		07EA01571E74B378000C4026 /* CHECKLIST */ = {isa = PBXFileReference; fileEncoding = 4; lastKnownFileType = text; path = CHECKLIST; sourceTree = "<group>"; };
		07EA01581E74B378000C4026 /* compile.sh */ = {isa = PBXFileReference; fileEncoding = 4; lastKnownFileType = text.script.sh; path = compile.sh; sourceTree = "<group>"; };
		07EA01591E74B378000C4026 /* RayTracer.cpp */ = {isa = PBXFileReference; fileEncoding = 4; lastKnownFileType = sourcecode.cpp.cpp; path = RayTracer.cpp; sourceTree = "<group>"; };
		07EA015A1E74B378000C4026 /* RayTracer.h */ = {isa = PBXFileReference; fileEncoding = 4; lastKnownFileType = sourcecode.c.h; path = RayTracer.h; sourceTree = "<group>"; };
		07EA01621E74D181000C4026 /* run.sh */ = {isa = PBXFileReference; lastKnownFileType = text.script.sh; path = run.sh; sourceTree = "<group>"; };
		07EA01851E75979F000C4026 /* Point3D.cpp */ = {isa = PBXFileReference; fileEncoding = 4; lastKnownFileType = sourcecode.cpp.cpp; path = Point3D.cpp; sourceTree = "<group>"; };
		07EA01861E75979F000C4026 /* Point3D.h */ = {isa = PBXFileReference; fileEncoding = 4; lastKnownFileType = sourcecode.c.h; path = Point3D.h; sourceTree = "<group>"; };
		07EA01871E75979F000C4026 /* svdDynamic.cpp */ = {isa = PBXFileReference; fileEncoding = 4; lastKnownFileType = sourcecode.cpp.cpp; path = svdDynamic.cpp; sourceTree = "<group>"; };
		07EA01881E75979F000C4026 /* svdDynamic.h */ = {isa = PBXFileReference; fileEncoding = 4; lastKnownFileType = sourcecode.c.h; path = svdDynamic.h; sourceTree = "<group>"; };
		07EA01891E75979F000C4026 /* Transform3D.cpp */ = {isa = PBXFileReference; fileEncoding = 4; lastKnownFileType = sourcecode.cpp.cpp; path = Transform3D.cpp; sourceTree = "<group>"; };
		07EA018A1E75979F000C4026 /* Transform3D.h */ = {isa = PBXFileReference; fileEncoding = 4; lastKnownFileType = sourcecode.c.h; path = Transform3D.h; sourceTree = "<group>"; };
		07EA01A91E75983E000C4026 /* Material.cpp */ = {isa = PBXFileReference; fileEncoding = 4; lastKnownFileType = sourcecode.cpp.cpp; path = Material.cpp; sourceTree = "<group>"; };
		07EA01AA1E75983E000C4026 /* Material.h */ = {isa = PBXFileReference; fileEncoding = 4; lastKnownFileType = sourcecode.c.h; path = Material.h; sourceTree = "<group>"; };
		07EA01AB1E75983E000C4026 /* ColourRGB.cpp */ = {isa = PBXFileReference; fileEncoding = 4; lastKnownFileType = sourcecode.cpp.cpp; path = ColourRGB.cpp; sourceTree = "<group>"; };
		07EA01AC1E75983E000C4026 /* ColourRGB.h */ = {isa = PBXFileReference; fileEncoding = 4; lastKnownFileType = sourcecode.c.h; path = ColourRGB.h; sourceTree = "<group>"; };
		07EA01AD1E75983E000C4026 /* Image.cpp */ = {isa = PBXFileReference; fileEncoding = 4; lastKnownFileType = sourcecode.cpp.cpp; path = Image.cpp; sourceTree = "<group>"; };
		07EA01AE1E75983E000C4026 /* Image.h */ = {isa = PBXFileReference; fileEncoding = 4; lastKnownFileType = sourcecode.c.h; path = Image.h; sourceTree = "<group>"; };
		07EA01B41E75983E000C4026 /* Object3D.cpp */ = {isa = PBXFileReference; fileEncoding = 4; lastKnownFileType = sourcecode.cpp.cpp; path = Object3D.cpp; sourceTree = "<group>"; };
		07EA01B51E75983E000C4026 /* Object3D.h */ = {isa = PBXFileReference; fileEncoding = 4; lastKnownFileType = sourcecode.c.h; path = Object3D.h; sourceTree = "<group>"; };
		07EA01B81E75983E000C4026 /* Ray3D.cpp */ = {isa = PBXFileReference; fileEncoding = 4; lastKnownFileType = sourcecode.cpp.cpp; path = Ray3D.cpp; sourceTree = "<group>"; };
		07EA01B91E75983E000C4026 /* Ray3D.h */ = {isa = PBXFileReference; fileEncoding = 4; lastKnownFileType = sourcecode.c.h; path = Ray3D.h; sourceTree = "<group>"; };
		07EA01C31E759D2F000C4026 /* Plane.cpp */ = {isa = PBXFileReference; fileEncoding = 4; lastKnownFileType = sourcecode.cpp.cpp; path = Plane.cpp; sourceTree = "<group>"; };
		07EA01C41E759D2F000C4026 /* Plane.h */ = {isa = PBXFileReference; fileEncoding = 4; lastKnownFileType = sourcecode.c.h; path = Plane.h; sourceTree = "<group>"; };
		07EA01C51E759D2F000C4026 /* Sphere.cpp */ = {isa = PBXFileReference; fileEncoding = 4; lastKnownFileType = sourcecode.cpp.cpp; path = Sphere.cpp; sourceTree = "<group>"; };
		07EA01C61E759D2F000C4026 /* Sphere.h */ = {isa = PBXFileReference; fileEncoding = 4; lastKnownFileType = sourcecode.c.h; path = Sphere.h; sourceTree = "<group>"; };
		07EA01CC1E75D7EE000C4026 /* View.cpp */ = {isa = PBXFileReference; fileEncoding = 4; lastKnownFileType = sourcecode.cpp.cpp; path = View.cpp; sourceTree = "<group>"; };
		07EA01CD1E75D7EE000C4026 /* View.h */ = {isa = PBXFileReference; fileEncoding = 4; lastKnownFileType = sourcecode.c.h; path = View.h; sourceTree = "<group>"; };
		07EA01CF1E75F033000C4026 /* main.cpp */ = {isa = PBXFileReference; fileEncoding = 4; lastKnownFileType = sourcecode.cpp.cpp; path = main.cpp; sourceTree = "<group>"; };
		07EA01D21E7608EE000C4026 /* libstdc++.6.0.9.tbd */ = {isa = PBXFileReference; lastKnownFileType = "sourcecode.text-based-dylib-definition"; name = "libstdc++.6.0.9.tbd"; path = "usr/lib/libstdc++.6.0.9.tbd"; sourceTree = SDKROOT; };
		07EA01D41E760AEB000C4026 /* libstdc++.tbd */ = {isa = PBXFileReference; lastKnownFileType = "sourcecode.text-based-dylib-definition"; name = "libstdc++.tbd"; path = "usr/lib/libstdc++.tbd"; sourceTree = SDKROOT; };
		0A850D561E84B3F6008132E1 /* PlaneLightSource.cpp */ = {isa = PBXFileReference; fileEncoding = 4; lastKnownFileType = sourcecode.cpp.cpp; path = PlaneLightSource.cpp; sourceTree = "<group>"; };
		0A850D571E84B3F6008132E1 /* PlaneLightSource.h */ = {isa = PBXFileReference; fileEncoding = 4; lastKnownFileType = sourcecode.c.h; path = PlaneLightSource.h; sourceTree = "<group>"; };
/* End PBXFileReference section */

/* Begin PBXFrameworksBuildPhase section */
		07EA014A1E74B282000C4026 /* Frameworks */ = {
			isa = PBXFrameworksBuildPhase;
			buildActionMask = 2147483647;
			files = (
				07EA01D51E760AEB000C4026 /* libstdc++.tbd in Frameworks */,
			);
			runOnlyForDeploymentPostprocessing = 0;
		};
/* End PBXFrameworksBuildPhase section */

/* Begin PBXGroup section */
		075B4D371E86ED3F00FA30D3 /* MacBuild */ = {
			isa = PBXGroup;
			children = (
				075B4D391E86ED6E00FA30D3 /* compileMac.sh */,
				075B4D3A1E86ED6E00FA30D3 /* runMac.sh */,
			);
			name = MacBuild;
			sourceTree = "<group>";
		};
		075B4D381E86ED5200FA30D3 /* NormalBuild */ = {
			isa = PBXGroup;
			children = (
				07EA01581E74B378000C4026 /* compile.sh */,
				07EA01621E74D181000C4026 /* run.sh */,
			);
			name = NormalBuild;
			sourceTree = "<group>";
		};
		075B4D3C1E8714CC00FA30D3 /* Skyboxes */ = {
			isa = PBXGroup;
			children = (
				07190D7E1E99CFA50035743E /* paint_bk.ppm */,
				07190D7F1E99CFA50035743E /* paint_dn.ppm */,
				07190D801E99CFA50035743E /* paint_ft.ppm */,
				07190D811E99CFA50035743E /* paint_lf.ppm */,
				07190D821E99CFA50035743E /* paint_rt.ppm */,
				07190D831E99CFA50035743E /* paint_up.ppm */,
				075B4D4C1E87681200FA30D3 /* darkskies_bk.ppm */,
				075B4D4D1E87681200FA30D3 /* darkskies_dn.ppm */,
				075B4D4E1E87681200FA30D3 /* darkskies_ft.ppm */,
				075B4D4F1E87681200FA30D3 /* darkskies_lf.ppm */,
				075B4D501E87681200FA30D3 /* darkskies_rt.ppm */,
				075B4D511E87681200FA30D3 /* darkskies_up.ppm */,
				075B4D461E872BC000FA30D3 /* lagoon_up.ppm */,
				075B4D471E872BC000FA30D3 /* lagoon_lf.ppm */,
				075B4D481E872BC000FA30D3 /* lagoon_rt.ppm */,
				075B4D491E872BC000FA30D3 /* lagoon_dn.ppm */,
				075B4D4A1E872BC000FA30D3 /* lagoon_bk.ppm */,
				075B4D4B1E872BC000FA30D3 /* lagoon_ft.ppm */,
				075B4D3D1E8714DA00FA30D3 /* YellowCloud_bk.ppm */,
				075B4D3E1E8714DA00FA30D3 /* YellowCloud_dn.ppm */,
				075B4D3F1E8714DA00FA30D3 /* YellowCloud_ft.ppm */,
				075B4D401E8714DA00FA30D3 /* YellowCloud_lf.ppm */,
				075B4D411E8714DA00FA30D3 /* YellowCloud_rt.ppm */,
				075B4D421E8714DA00FA30D3 /* YellowCloud_up.ppm */,
			);
			path = Skyboxes;
			sourceTree = "<group>";
		};
		075B4D521E87893400FA30D3 /* Utilities */ = {
			isa = PBXGroup;
			children = (
				075B4D531E87894800FA30D3 /* ProgressManager.cpp */,
				075B4D541E87894800FA30D3 /* ProgressManager.h */,
			);
			path = Utilities;
			sourceTree = "<group>";
		};
		075B4D561E881D4900FA30D3 /* Lights */ = {
			isa = PBXGroup;
			children = (
				075B4D571E881DB700FA30D3 /* PointLightSource.cpp */,
				075B4D581E881DB700FA30D3 /* PointLightSource.h */,
				075B4D5A1E881DD800FA30D3 /* Light.cpp */,
				075B4D5B1E881DD800FA30D3 /* Light.h */,
				075B4D5D1E8820D800FA30D3 /* AreaLightElement.cpp */,
				075B4D5E1E8820D800FA30D3 /* AreaLightElement.h */,
			);
			path = Lights;
			sourceTree = "<group>";
		};
		0762AE591E85EE9600772C5D /* Textures */ = {
			isa = PBXGroup;
			children = (
				07190D841E99D03F0035743E /* BACKGROUND_OIL.ppm */,
				07190D791E98455C0035743E /* wall.ppm */,
				0705CA481E8DE3760028B251 /* check.ppm */,
				0762AE5A1E85EF9E00772C5D /* greyscale_natural_grunge1.ppm */,
				0762AE5B1E85EF9E00772C5D /* greyscale_natural_grunge2.ppm */,
				0762AE5C1E85EF9E00772C5D /* greyscale_natural_grunge3.ppm */,
				0762AE5D1E85EF9E00772C5D /* greyscale_natural_grunge4.ppm */,
				0762AE5E1E85EF9E00772C5D /* greyscale_natural_grunge5.ppm */,
				0762AE5F1E85EF9E00772C5D /* greyscale_natural_grunge6.ppm */,
				0762AE601E85EF9E00772C5D /* webtreats_stone_4.ppm */,
				0762AE611E85EF9E00772C5D /* webtreats_stone_5.ppm */,
			);
			path = Textures;
			sourceTree = "<group>";
		};
		07EA01441E74B282000C4026 = {
			isa = PBXGroup;
			children = (
				07EA014F1E74B282000C4026 /* Ray Tracer */,
				07EA014E1E74B282000C4026 /* Products */,
				07EA01D11E7608EE000C4026 /* Frameworks */,
			);
			sourceTree = "<group>";
		};
		07EA014E1E74B282000C4026 /* Products */ = {
			isa = PBXGroup;
			children = (
				07EA014D1E74B282000C4026 /* Ray Tracer */,
			);
			name = Products;
			sourceTree = "<group>";
		};
		07EA014F1E74B282000C4026 /* Ray Tracer */ = {
			isa = PBXGroup;
			children = (
				072543931E9A796800FE610E /* Report.txt */,
				075B4D561E881D4900FA30D3 /* Lights */,
				075B4D521E87893400FA30D3 /* Utilities */,
				075B4D3C1E8714CC00FA30D3 /* Skyboxes */,
				075B4D381E86ED5200FA30D3 /* NormalBuild */,
				075B4D371E86ED3F00FA30D3 /* MacBuild */,
				0762AE591E85EE9600772C5D /* Textures */,
				07A416571E774097000ABADA /* Handout.pdf */,
				07EA01A81E75983E000C4026 /* ObjectTypes */,
				07EA01841E75979F000C4026 /* GeometricTypes */,
				07EA01571E74B378000C4026 /* CHECKLIST */,
				07EA01591E74B378000C4026 /* RayTracer.cpp */,
				07EA015A1E74B378000C4026 /* RayTracer.h */,
				07EA01CC1E75D7EE000C4026 /* View.cpp */,
				07EA01CD1E75D7EE000C4026 /* View.h */,
				07EA01CF1E75F033000C4026 /* main.cpp */,
				075B4D431E87156900FA30D3 /* Skybox.cpp */,
				075B4D441E87156900FA30D3 /* Skybox.h */,
			);
			path = "Ray Tracer";
			sourceTree = "<group>";
		};
		07EA01841E75979F000C4026 /* GeometricTypes */ = {
			isa = PBXGroup;
			children = (
				07EA01851E75979F000C4026 /* Point3D.cpp */,
				07EA01861E75979F000C4026 /* Point3D.h */,
				07EA01871E75979F000C4026 /* svdDynamic.cpp */,
				07EA01881E75979F000C4026 /* svdDynamic.h */,
				07EA01891E75979F000C4026 /* Transform3D.cpp */,
				07EA018A1E75979F000C4026 /* Transform3D.h */,
			);
			path = GeometricTypes;
			sourceTree = "<group>";
		};
		07EA01A81E75983E000C4026 /* ObjectTypes */ = {
			isa = PBXGroup;
			children = (
				07EA01C21E759D2F000C4026 /* ObjectSubclasses */,
				07EA01A91E75983E000C4026 /* Material.cpp */,
				07EA01AA1E75983E000C4026 /* Material.h */,
				07EA01AB1E75983E000C4026 /* ColourRGB.cpp */,
				07EA01AC1E75983E000C4026 /* ColourRGB.h */,
				07EA01AD1E75983E000C4026 /* Image.cpp */,
				07EA01AE1E75983E000C4026 /* Image.h */,
				07EA01B41E75983E000C4026 /* Object3D.cpp */,
				07EA01B51E75983E000C4026 /* Object3D.h */,
				07EA01B81E75983E000C4026 /* Ray3D.cpp */,
				07EA01B91E75983E000C4026 /* Ray3D.h */,
				07DB7B4A1E78CD62004BED96 /* Intersection.cpp */,
				07DB7B4B1E78CD62004BED96 /* Intersection.h */,
			);
			path = ObjectTypes;
			sourceTree = "<group>";
		};
		07EA01C21E759D2F000C4026 /* ObjectSubclasses */ = {
			isa = PBXGroup;
			children = (
				0721F5271E93418700B75C4E /* OBJ_Loader.cpp */,
				077BA6AC1E90422400CAB279 /* OBJ_Loader.h */,
				0705CA491E8E22C70028B251 /* TriangleMesh.cpp */,
				0705CA4A1E8E22C70028B251 /* TriangleMesh.h */,
				07EA01C31E759D2F000C4026 /* Plane.cpp */,
				07EA01C41E759D2F000C4026 /* Plane.h */,
				07EA01C51E759D2F000C4026 /* Sphere.cpp */,
				07EA01C61E759D2F000C4026 /* Sphere.h */,
				0A850D561E84B3F6008132E1 /* PlaneLightSource.cpp */,
				0A850D571E84B3F6008132E1 /* PlaneLightSource.h */,
				07190D7B1E99586C0035743E /* BoundingBox.cpp */,
				07190D7C1E99586C0035743E /* BoundingBox.h */,
			);
			path = ObjectSubclasses;
			sourceTree = "<group>";
		};
		07EA01D11E7608EE000C4026 /* Frameworks */ = {
			isa = PBXGroup;
			children = (
				07EA01D41E760AEB000C4026 /* libstdc++.tbd */,
				07EA01D21E7608EE000C4026 /* libstdc++.6.0.9.tbd */,
			);
			name = Frameworks;
			sourceTree = "<group>";
		};
/* End PBXGroup section */

/* Begin PBXNativeTarget section */
		07EA014C1E74B282000C4026 /* Ray Tracer */ = {
			isa = PBXNativeTarget;
			buildConfigurationList = 07EA01541E74B282000C4026 /* Build configuration list for PBXNativeTarget "Ray Tracer" */;
			buildPhases = (
				07EA01491E74B282000C4026 /* Sources */,
				07EA014A1E74B282000C4026 /* Frameworks */,
				07EA014B1E74B282000C4026 /* CopyFiles */,
			);
			buildRules = (
			);
			dependencies = (
			);
			name = "Ray Tracer";
			productName = "Ray Tracer";
			productReference = 07EA014D1E74B282000C4026 /* Ray Tracer */;
			productType = "com.apple.product-type.tool";
		};
/* End PBXNativeTarget section */

/* Begin PBXProject section */
		07EA01451E74B282000C4026 /* Project object */ = {
			isa = PBXProject;
			attributes = {
				LastUpgradeCheck = 0820;
				ORGANIZATIONNAME = "Eric Elmoznino";
				TargetAttributes = {
					07EA014C1E74B282000C4026 = {
						CreatedOnToolsVersion = 8.2.1;
						DevelopmentTeam = GEECX5EAT6;
						ProvisioningStyle = Automatic;
					};
				};
			};
			buildConfigurationList = 07EA01481E74B282000C4026 /* Build configuration list for PBXProject "Ray Tracer" */;
			compatibilityVersion = "Xcode 3.2";
			developmentRegion = English;
			hasScannedForEncodings = 0;
			knownRegions = (
				en,
			);
			mainGroup = 07EA01441E74B282000C4026;
			productRefGroup = 07EA014E1E74B282000C4026 /* Products */;
			projectDirPath = "";
			projectRoot = "";
			targets = (
				07EA014C1E74B282000C4026 /* Ray Tracer */,
			);
		};
/* End PBXProject section */

/* Begin PBXSourcesBuildPhase section */
		07EA01491E74B282000C4026 /* Sources */ = {
			isa = PBXSourcesBuildPhase;
			buildActionMask = 2147483647;
			files = (
				07EA01CE1E75D7EE000C4026 /* View.cpp in Sources */,
				07EA018D1E75979F000C4026 /* Transform3D.cpp in Sources */,
				07EA015F1E74B378000C4026 /* RayTracer.cpp in Sources */,
				07DB7B4C1E78CD62004BED96 /* Intersection.cpp in Sources */,
				07EA01C11E75983E000C4026 /* Ray3D.cpp in Sources */,
				07EA018B1E75979F000C4026 /* Point3D.cpp in Sources */,
				075B4D591E881DB700FA30D3 /* PointLightSource.cpp in Sources */,
				07EA01C71E759D2F000C4026 /* Plane.cpp in Sources */,
				0721F5281E93418700B75C4E /* OBJ_Loader.cpp in Sources */,
				075B4D451E87156900FA30D3 /* Skybox.cpp in Sources */,
				07EA01D01E75F033000C4026 /* main.cpp in Sources */,
				075B4D551E87894800FA30D3 /* ProgressManager.cpp in Sources */,
				0705CA4B1E8E22C70028B251 /* TriangleMesh.cpp in Sources */,
				07EA018C1E75979F000C4026 /* svdDynamic.cpp in Sources */,
				075B4D5C1E881DD800FA30D3 /* Light.cpp in Sources */,
				07EA01BC1E75983E000C4026 /* Image.cpp in Sources */,
				07190D7D1E99586C0035743E /* BoundingBox.cpp in Sources */,
				07EA01BA1E75983E000C4026 /* Material.cpp in Sources */,
				07EA01C81E759D2F000C4026 /* Sphere.cpp in Sources */,
				075B4D5F1E8820D800FA30D3 /* AreaLightElement.cpp in Sources */,
				07EA01BB1E75983E000C4026 /* ColourRGB.cpp in Sources */,
				0A850D581E84B3F6008132E1 /* PlaneLightSource.cpp in Sources */,
				07EA01BF1E75983E000C4026 /* Object3D.cpp in Sources */,
			);
			runOnlyForDeploymentPostprocessing = 0;
		};
/* End PBXSourcesBuildPhase section */

/* Begin XCBuildConfiguration section */
		07EA01521E74B282000C4026 /* Debug */ = {
			isa = XCBuildConfiguration;
			buildSettings = {
				ALWAYS_SEARCH_USER_PATHS = NO;
				CLANG_ANALYZER_NONNULL = YES;
				CLANG_CXX_LANGUAGE_STANDARD = "gnu++0x";
				CLANG_CXX_LIBRARY = "libc++";
				CLANG_ENABLE_MODULES = YES;
				CLANG_ENABLE_OBJC_ARC = YES;
				CLANG_WARN_BOOL_CONVERSION = YES;
				CLANG_WARN_CONSTANT_CONVERSION = YES;
				CLANG_WARN_DIRECT_OBJC_ISA_USAGE = YES_ERROR;
				CLANG_WARN_DOCUMENTATION_COMMENTS = YES;
				CLANG_WARN_EMPTY_BODY = YES;
				CLANG_WARN_ENUM_CONVERSION = YES;
				CLANG_WARN_INFINITE_RECURSION = YES;
				CLANG_WARN_INT_CONVERSION = YES;
				CLANG_WARN_OBJC_ROOT_CLASS = YES_ERROR;
				CLANG_WARN_SUSPICIOUS_MOVE = YES;
				CLANG_WARN_UNREACHABLE_CODE = YES;
				CLANG_WARN__DUPLICATE_METHOD_MATCH = YES;
				CODE_SIGN_IDENTITY = "-";
				COPY_PHASE_STRIP = NO;
				DEBUG_INFORMATION_FORMAT = dwarf;
				ENABLE_STRICT_OBJC_MSGSEND = YES;
				ENABLE_TESTABILITY = YES;
				GCC_C_LANGUAGE_STANDARD = gnu99;
				GCC_DYNAMIC_NO_PIC = NO;
				GCC_NO_COMMON_BLOCKS = YES;
				GCC_OPTIMIZATION_LEVEL = 0;
				GCC_PREPROCESSOR_DEFINITIONS = (
					"DEBUG=1",
					"$(inherited)",
				);
				GCC_WARN_64_TO_32_BIT_CONVERSION = YES;
				GCC_WARN_ABOUT_RETURN_TYPE = YES_ERROR;
				GCC_WARN_UNDECLARED_SELECTOR = YES;
				GCC_WARN_UNINITIALIZED_AUTOS = YES_AGGRESSIVE;
				GCC_WARN_UNUSED_FUNCTION = YES;
				GCC_WARN_UNUSED_VARIABLE = YES;
				MACOSX_DEPLOYMENT_TARGET = 10.12;
				MTL_ENABLE_DEBUG_INFO = YES;
				ONLY_ACTIVE_ARCH = YES;
				SDKROOT = macosx;
			};
			name = Debug;
		};
		07EA01531E74B282000C4026 /* Release */ = {
			isa = XCBuildConfiguration;
			buildSettings = {
				ALWAYS_SEARCH_USER_PATHS = NO;
				CLANG_ANALYZER_NONNULL = YES;
				CLANG_CXX_LANGUAGE_STANDARD = "gnu++0x";
				CLANG_CXX_LIBRARY = "libc++";
				CLANG_ENABLE_MODULES = YES;
				CLANG_ENABLE_OBJC_ARC = YES;
				CLANG_WARN_BOOL_CONVERSION = YES;
				CLANG_WARN_CONSTANT_CONVERSION = YES;
				CLANG_WARN_DIRECT_OBJC_ISA_USAGE = YES_ERROR;
				CLANG_WARN_DOCUMENTATION_COMMENTS = YES;
				CLANG_WARN_EMPTY_BODY = YES;
				CLANG_WARN_ENUM_CONVERSION = YES;
				CLANG_WARN_INFINITE_RECURSION = YES;
				CLANG_WARN_INT_CONVERSION = YES;
				CLANG_WARN_OBJC_ROOT_CLASS = YES_ERROR;
				CLANG_WARN_SUSPICIOUS_MOVE = YES;
				CLANG_WARN_UNREACHABLE_CODE = YES;
				CLANG_WARN__DUPLICATE_METHOD_MATCH = YES;
				CODE_SIGN_IDENTITY = "-";
				COPY_PHASE_STRIP = NO;
				DEBUG_INFORMATION_FORMAT = "dwarf-with-dsym";
				ENABLE_NS_ASSERTIONS = NO;
				ENABLE_STRICT_OBJC_MSGSEND = YES;
				GCC_C_LANGUAGE_STANDARD = gnu99;
				GCC_NO_COMMON_BLOCKS = YES;
				GCC_WARN_64_TO_32_BIT_CONVERSION = YES;
				GCC_WARN_ABOUT_RETURN_TYPE = YES_ERROR;
				GCC_WARN_UNDECLARED_SELECTOR = YES;
				GCC_WARN_UNINITIALIZED_AUTOS = YES_AGGRESSIVE;
				GCC_WARN_UNUSED_FUNCTION = YES;
				GCC_WARN_UNUSED_VARIABLE = YES;
				MACOSX_DEPLOYMENT_TARGET = 10.12;
				MTL_ENABLE_DEBUG_INFO = NO;
				SDKROOT = macosx;
			};
			name = Release;
		};
		07EA01551E74B282000C4026 /* Debug */ = {
			isa = XCBuildConfiguration;
			buildSettings = {
				DEVELOPMENT_TEAM = GEECX5EAT6;
				GCC_VERSION = "";
				OTHER_CFLAGS = (
					"-x",
					"c++",
				);
				OTHER_CPLUSPLUSFLAGS = "$(OTHER_CFLAGS) ";
				PRODUCT_NAME = "$(TARGET_NAME)";
			};
			name = Debug;
		};
		07EA01561E74B282000C4026 /* Release */ = {
			isa = XCBuildConfiguration;
			buildSettings = {
				DEVELOPMENT_TEAM = GEECX5EAT6;
				GCC_VERSION = "";
				OTHER_CFLAGS = (
					"-x",
					"c++",
				);
				OTHER_CPLUSPLUSFLAGS = "$(OTHER_CFLAGS) ";
				PRODUCT_NAME = "$(TARGET_NAME)";
			};
			name = Release;
		};
/* End XCBuildConfiguration section */

/* Begin XCConfigurationList section */
		07EA01481E74B282000C4026 /* Build configuration list for PBXProject "Ray Tracer" */ = {
			isa = XCConfigurationList;
			buildConfigurations = (
				07EA01521E74B282000C4026 /* Debug */,
				07EA01531E74B282000C4026 /* Release */,
			);
			defaultConfigurationIsVisible = 0;
			defaultConfigurationName = Release;
		};
		07EA01541E74B282000C4026 /* Build configuration list for PBXNativeTarget "Ray Tracer" */ = {
			isa = XCConfigurationList;
			buildConfigurations = (
				07EA01551E74B282000C4026 /* Debug */,
				07EA01561E74B282000C4026 /* Release */,
			);
			defaultConfigurationIsVisible = 0;
			defaultConfigurationName = Release;
		};
/* End XCConfigurationList section */
	};
	rootObject = 07EA01451E74B282000C4026 /* Project object */;
}
